// !$*UTF8*$!
{
	archiveVersion = 1;
	classes = {
	};
	objectVersion = 52;
	objects = {

/* Begin PBXBuildFile section */
		0B90FE90F55ECAC3B9ABE61B /* Pods_SemanticsTests.framework in Frameworks */ = {isa = PBXBuildFile; fileRef = 8F372B7B3F145196D23CE67D /* Pods_SemanticsTests.framework */; };
		66A40F737D45F299B37EE8AE /* Pods_Semantics.framework in Frameworks */ = {isa = PBXBuildFile; fileRef = 56EB719F7E1C826A797E1EF6 /* Pods_Semantics.framework */; };
		83F7BD526A39AE76A386B437 /* Pods_SemFilterControl.framework in Frameworks */ = {isa = PBXBuildFile; fileRef = A32F1871FEF854BC52BFCFBE /* Pods_SemFilterControl.framework */; };
		8911386324C1644A00CBEBB5 /* CGRect+.swift in Sources */ = {isa = PBXBuildFile; fileRef = 8911386224C1644A00CBEBB5 /* CGRect+.swift */; };
		8911386624C1672000CBEBB5 /* SwifterSwift in Frameworks */ = {isa = PBXBuildFile; productRef = 8911386524C1672000CBEBB5 /* SwifterSwift */; };
		8911386824C1984C00CBEBB5 /* Theme.swift in Sources */ = {isa = PBXBuildFile; fileRef = 8911386724C1984C00CBEBB5 /* Theme.swift */; };
		892C63D0248661D100208446 /* SemTextStorage.swift in Sources */ = {isa = PBXBuildFile; fileRef = 892C63CF248661D100208446 /* SemTextStorage.swift */; };
		892C63D524866A1000208446 /* NSRange+.swift in Sources */ = {isa = PBXBuildFile; fileRef = 892C63D424866A1000208446 /* NSRange+.swift */; };
		892C63DE24867F8700208446 /* SemTextView.swift in Sources */ = {isa = PBXBuildFile; fileRef = 892C63DD24867F8700208446 /* SemTextView.swift */; };
		892C63E02487934300208446 /* SWUISemTextView.swift in Sources */ = {isa = PBXBuildFile; fileRef = 892C63DF2487934300208446 /* SWUISemTextView.swift */; };
		892C63E22487BA6500208446 /* NSAttributedString.Key+.swift in Sources */ = {isa = PBXBuildFile; fileRef = 892C63E12487BA6500208446 /* NSAttributedString.Key+.swift */; };
		892C6410248A09C600208446 /* SemSetsVC.swift in Sources */ = {isa = PBXBuildFile; fileRef = 892C640F248A09C600208446 /* SemSetsVC.swift */; };
		892C6412248A0C2100208446 /* UIViewController+.swift in Sources */ = {isa = PBXBuildFile; fileRef = 892C6411248A0C2100208446 /* UIViewController+.swift */; };
		892C6414248CCFE200208446 /* SemSetVC.swift in Sources */ = {isa = PBXBuildFile; fileRef = 892C6413248CCFE200208446 /* SemSetVC.swift */; };
		892C6416248E1C1800208446 /* SemSetSubwordVC.swift in Sources */ = {isa = PBXBuildFile; fileRef = 892C6415248E1C1800208446 /* SemSetSubwordVC.swift */; };
		892C6418248E589500208446 /* ProfileVC.swift in Sources */ = {isa = PBXBuildFile; fileRef = 892C6417248E589500208446 /* ProfileVC.swift */; };
		896234C6248F99330000ABCD /* Graphiccontent.swift in Sources */ = {isa = PBXBuildFile; fileRef = 896234C5248F99330000ABCD /* Graphiccontent.swift */; };
		896234C8248FA7A20000ABCD /* Concurrency.swift in Sources */ = {isa = PBXBuildFile; fileRef = 896234C7248FA7A20000ABCD /* Concurrency.swift */; };
		896234E12491F4AE0000ABCD /* FilterDataProvider.swift in Sources */ = {isa = PBXBuildFile; fileRef = 896234E02491F4AE0000ABCD /* FilterDataProvider.swift */; };
		896234E62491F4AE0000ABCD /* SemContentFilter.appex in Embed App Extensions */ = {isa = PBXBuildFile; fileRef = 896234DE2491F4AE0000ABCD /* SemContentFilter.appex */; settings = {ATTRIBUTES = (RemoveHeadersOnCopy, ); }; };
		8962350124920AE20000ABCD /* FilterControlProvider.swift in Sources */ = {isa = PBXBuildFile; fileRef = 8962350024920AE20000ABCD /* FilterControlProvider.swift */; };
		8962350624920AE20000ABCD /* SemFilterControl.appex in Embed App Extensions */ = {isa = PBXBuildFile; fileRef = 896234FE24920AE20000ABCD /* SemFilterControl.appex */; settings = {ATTRIBUTES = (RemoveHeadersOnCopy, ); }; };
		8962350B24920B110000ABCD /* SemContentFilterVC.swift in Sources */ = {isa = PBXBuildFile; fileRef = 8962350A24920B110000ABCD /* SemContentFilterVC.swift */; };
		8962350D24920CF40000ABCD /* NetworkExtension.framework in Frameworks */ = {isa = PBXBuildFile; fileRef = 8962350C24920CF40000ABCD /* NetworkExtension.framework */; };
		8962350E24920E300000ABCD /* NetworkExtension.framework in Frameworks */ = {isa = PBXBuildFile; fileRef = 8962350C24920CF40000ABCD /* NetworkExtension.framework */; };
		8962350F24920E430000ABCD /* NetworkExtension.framework in Frameworks */ = {isa = PBXBuildFile; fileRef = 8962350C24920CF40000ABCD /* NetworkExtension.framework */; };
		896344B224936E210060160B /* Kingfisher in Frameworks */ = {isa = PBXBuildFile; productRef = 896344B124936E210060160B /* Kingfisher */; };
		896344B424936E210060160B /* KingfisherSwiftUI in Frameworks */ = {isa = PBXBuildFile; productRef = 896344B324936E210060160B /* KingfisherSwiftUI */; };
		896344B8249DD7F90060160B /* WordsGraphVC.swift in Sources */ = {isa = PBXBuildFile; fileRef = 896344B7249DD7F90060160B /* WordsGraphVC.swift */; };
		896344BB249F36FD0060160B /* CoreDataLayer1.swift in Sources */ = {isa = PBXBuildFile; fileRef = 896344BA249F36FD0060160B /* CoreDataLayer1.swift */; };
		896344BD249F570A0060160B /* CoreDataLayer2.swift in Sources */ = {isa = PBXBuildFile; fileRef = 896344BC249F570A0060160B /* CoreDataLayer2.swift */; };
		896344BF249F8F240060160B /* TextLoader.swift in Sources */ = {isa = PBXBuildFile; fileRef = 896344BE249F8F240060160B /* TextLoader.swift */; };
		896344C1249F94870060160B /* NSManagedObjectLayer.swift in Sources */ = {isa = PBXBuildFile; fileRef = 896344C0249F94870060160B /* NSManagedObjectLayer.swift */; };
		896344C324A1C5180060160B /* String+.swift in Sources */ = {isa = PBXBuildFile; fileRef = 896344C224A1C5180060160B /* String+.swift */; };
		89642175247250590081DC87 /* AppDelegate.swift in Sources */ = {isa = PBXBuildFile; fileRef = 89642174247250590081DC87 /* AppDelegate.swift */; };
		89642177247250590081DC87 /* SceneDelegate.swift in Sources */ = {isa = PBXBuildFile; fileRef = 89642176247250590081DC87 /* SceneDelegate.swift */; };
		8964217A247250590081DC87 /* Semantics.xcdatamodeld in Sources */ = {isa = PBXBuildFile; fileRef = 89642178247250590081DC87 /* Semantics.xcdatamodeld */; };
		8964217C247250590081DC87 /* ContentView.swift in Sources */ = {isa = PBXBuildFile; fileRef = 8964217B247250590081DC87 /* ContentView.swift */; };
		8964217E247250650081DC87 /* Assets.xcassets in Resources */ = {isa = PBXBuildFile; fileRef = 8964217D247250650081DC87 /* Assets.xcassets */; };
		89642181247250650081DC87 /* Preview Assets.xcassets in Resources */ = {isa = PBXBuildFile; fileRef = 89642180247250650081DC87 /* Preview Assets.xcassets */; };
		89642184247250650081DC87 /* LaunchScreen.storyboard in Resources */ = {isa = PBXBuildFile; fileRef = 89642182247250650081DC87 /* LaunchScreen.storyboard */; };
		8964218F247250660081DC87 /* SemanticsTests.swift in Sources */ = {isa = PBXBuildFile; fileRef = 8964218E247250660081DC87 /* SemanticsTests.swift */; };
		8964219B247250B10081DC87 /* Model.swift in Sources */ = {isa = PBXBuildFile; fileRef = 8964219A247250B10081DC87 /* Model.swift */; };
		8964219F2472BF4D0081DC87 /* CloudKit.framework in Frameworks */ = {isa = PBXBuildFile; fileRef = 8964219E2472BF4C0081DC87 /* CloudKit.framework */; };
		8968B742247BB66600F746E2 /* TestView.swift in Sources */ = {isa = PBXBuildFile; fileRef = 8968B741247BB66600F746E2 /* TestView.swift */; };
		8976AC69247BC7A900A7AD15 /* EclipseCollisionBoundsWrapper.swift in Sources */ = {isa = PBXBuildFile; fileRef = 8976AC68247BC7A900A7AD15 /* EclipseCollisionBoundsWrapper.swift */; };
		8976AC6B247BFA3700A7AD15 /* KeyboardAdaptive.swift in Sources */ = {isa = PBXBuildFile; fileRef = 8976AC6A247BFA3700A7AD15 /* KeyboardAdaptive.swift */; };
		8991DADA24B3513200299595 /* SemFoldersVC.swift in Sources */ = {isa = PBXBuildFile; fileRef = 8991DAD924B3513200299595 /* SemFoldersVC.swift */; };
		8991DADE24B45BE100299595 /* SearchResultsVC.swift in Sources */ = {isa = PBXBuildFile; fileRef = 8991DADD24B45BE100299595 /* SearchResultsVC.swift */; };
		8991DAE124B6F9BD00299595 /* SemTextLayout.swift in Sources */ = {isa = PBXBuildFile; fileRef = 8991DAE024B6F9BD00299595 /* SemTextLayout.swift */; };
		89988ADB24C2D3040005580B /* BarrierVC.swift in Sources */ = {isa = PBXBuildFile; fileRef = 89988ADA24C2D3040005580B /* BarrierVC.swift */; };
		89988ADD24C2D8FF0005580B /* SemSectorVC.swift in Sources */ = {isa = PBXBuildFile; fileRef = 89988ADC24C2D8FF0005580B /* SemSectorVC.swift */; };
		89988ADF24C2D9FE0005580B /* SemSectorsVC.swift in Sources */ = {isa = PBXBuildFile; fileRef = 89988ADE24C2D9FE0005580B /* SemSectorsVC.swift */; };
		89988AE124C2F7EB0005580B /* SectorDataLayer.swift in Sources */ = {isa = PBXBuildFile; fileRef = 89988AE024C2F7EB0005580B /* SectorDataLayer.swift */; };
		89988AE324C2FD8C0005580B /* OceanLayerDataLayer.swift in Sources */ = {isa = PBXBuildFile; fileRef = 89988AE224C2FD8C0005580B /* OceanLayerDataLayer.swift */; };
		89B953AB24B70FCE00472692 /* SemGestureRecognizer.swift in Sources */ = {isa = PBXBuildFile; fileRef = 89B953AA24B70FCE00472692 /* SemGestureRecognizer.swift */; };
		89B953AC24B8568200472692 /* SemStyle.swift in Sources */ = {isa = PBXBuildFile; fileRef = 892C63D12486630900208446 /* SemStyle.swift */; };
		89C2889324A34308002081FE /* NetworkSpace.swift in Sources */ = {isa = PBXBuildFile; fileRef = 89C2889224A34308002081FE /* NetworkSpace.swift */; };
		89C28CFE24ADC22E002081FE /* SwiftHEXColors in Frameworks */ = {isa = PBXBuildFile; productRef = 89C28CFD24ADC22E002081FE /* SwiftHEXColors */; };
		89D8F3F52474EBA000D12F15 /* CircleImage.swift in Sources */ = {isa = PBXBuildFile; fileRef = 89D8F3F42474EBA000D12F15 /* CircleImage.swift */; };
		89D8F3F72474F1BF00D12F15 /* MapView.swift in Sources */ = {isa = PBXBuildFile; fileRef = 89D8F3F62474F1BF00D12F15 /* MapView.swift */; };
		89D8F3FD247504AE00D12F15 /* LandmarkRow.swift in Sources */ = {isa = PBXBuildFile; fileRef = 89D8F3FC247504AE00D12F15 /* LandmarkRow.swift */; };
		89D8F3FF247504E500D12F15 /* Landmark.swift in Sources */ = {isa = PBXBuildFile; fileRef = 89D8F3FE247504E500D12F15 /* Landmark.swift */; };
		89D8F4012475050900D12F15 /* Data.swift in Sources */ = {isa = PBXBuildFile; fileRef = 89D8F4002475050900D12F15 /* Data.swift */; };
		89D8F4202475094E00D12F15 /* LandmarkList.swift in Sources */ = {isa = PBXBuildFile; fileRef = 89D8F41F2475094E00D12F15 /* LandmarkList.swift */; };
		89D8F4222475199000D12F15 /* LandmarkDetail.swift in Sources */ = {isa = PBXBuildFile; fileRef = 89D8F4212475199000D12F15 /* LandmarkDetail.swift */; };
		89D8F4302475258800D12F15 /* turtlerock.jpg in Resources */ = {isa = PBXBuildFile; fileRef = 89D8F4232475258300D12F15 /* turtlerock.jpg */; };
		89D8F4312475258800D12F15 /* umbagog.jpg in Resources */ = {isa = PBXBuildFile; fileRef = 89D8F4242475258300D12F15 /* umbagog.jpg */; };
		89D8F4322475258800D12F15 /* lakemcdonald.jpg in Resources */ = {isa = PBXBuildFile; fileRef = 89D8F4252475258400D12F15 /* lakemcdonald.jpg */; };
		89D8F4332475258800D12F15 /* twinlake.jpg in Resources */ = {isa = PBXBuildFile; fileRef = 89D8F4262475258400D12F15 /* twinlake.jpg */; };
		89D8F4342475258800D12F15 /* stmarylake.jpg in Resources */ = {isa = PBXBuildFile; fileRef = 89D8F4272475258400D12F15 /* stmarylake.jpg */; };
		89D8F4352475258800D12F15 /* chincoteague.jpg in Resources */ = {isa = PBXBuildFile; fileRef = 89D8F4282475258400D12F15 /* chincoteague.jpg */; };
		89D8F4362475258800D12F15 /* rainbowlake.jpg in Resources */ = {isa = PBXBuildFile; fileRef = 89D8F4292475258500D12F15 /* rainbowlake.jpg */; };
		89D8F4372475258800D12F15 /* charleyrivers.jpg in Resources */ = {isa = PBXBuildFile; fileRef = 89D8F42A2475258500D12F15 /* charleyrivers.jpg */; };
		89D8F4382475258800D12F15 /* icybay.jpg in Resources */ = {isa = PBXBuildFile; fileRef = 89D8F42B2475258500D12F15 /* icybay.jpg */; };
		89D8F4392475258800D12F15 /* landmarkData.json in Resources */ = {isa = PBXBuildFile; fileRef = 89D8F42C2475258600D12F15 /* landmarkData.json */; };
		89D8F43A2475258800D12F15 /* silversalmoncreek.jpg in Resources */ = {isa = PBXBuildFile; fileRef = 89D8F42D2475258600D12F15 /* silversalmoncreek.jpg */; };
		89D8F43B2475258800D12F15 /* chilkoottrail.jpg in Resources */ = {isa = PBXBuildFile; fileRef = 89D8F42E2475258700D12F15 /* chilkoottrail.jpg */; };
		89D8F43C2475258800D12F15 /* hiddenlake.jpg in Resources */ = {isa = PBXBuildFile; fileRef = 89D8F42F2475258800D12F15 /* hiddenlake.jpg */; };
		89D8F43E24752A9D00D12F15 /* UserData.swift in Sources */ = {isa = PBXBuildFile; fileRef = 89D8F43D24752A9D00D12F15 /* UserData.swift */; };
		89D8F44224754E4500D12F15 /* Badge.swift in Sources */ = {isa = PBXBuildFile; fileRef = 89D8F44124754E4500D12F15 /* Badge.swift */; };
		89D8F44524754EDB00D12F15 /* HexagonParameters.swift in Sources */ = {isa = PBXBuildFile; fileRef = 89D8F44424754EDB00D12F15 /* HexagonParameters.swift */; };
		89D8F44724755A8700D12F15 /* BadgeBackground.swift in Sources */ = {isa = PBXBuildFile; fileRef = 89D8F44624755A8700D12F15 /* BadgeBackground.swift */; };
		89D8F44924755ACB00D12F15 /* BadgeSymbol.swift in Sources */ = {isa = PBXBuildFile; fileRef = 89D8F44824755ACB00D12F15 /* BadgeSymbol.swift */; };
		89D8F44B24765A9C00D12F15 /* RotatedBadgeSymbol.swift in Sources */ = {isa = PBXBuildFile; fileRef = 89D8F44A24765A9B00D12F15 /* RotatedBadgeSymbol.swift */; };
		89D8F45124766CD300D12F15 /* TextOnCircle.swift in Sources */ = {isa = PBXBuildFile; fileRef = 89D8F45024766CD300D12F15 /* TextOnCircle.swift */; };
		89E93FC42479873D0039935D /* SemSetView.swift in Sources */ = {isa = PBXBuildFile; fileRef = 89E93FC32479873D0039935D /* SemSetView.swift */; };
		932E1A193EA911BD80AD6B8A /* Pods_SemContentFilter.framework in Frameworks */ = {isa = PBXBuildFile; fileRef = 7A142CA0C9D80D637211EB83 /* Pods_SemContentFilter.framework */; };
/* End PBXBuildFile section */

/* Begin PBXContainerItemProxy section */
		896234E42491F4AE0000ABCD /* PBXContainerItemProxy */ = {
			isa = PBXContainerItemProxy;
			containerPortal = 89642169247250590081DC87 /* Project object */;
			proxyType = 1;
			remoteGlobalIDString = 896234DD2491F4AE0000ABCD;
			remoteInfo = SemContentFilter;
		};
		8962350424920AE20000ABCD /* PBXContainerItemProxy */ = {
			isa = PBXContainerItemProxy;
			containerPortal = 89642169247250590081DC87 /* Project object */;
			proxyType = 1;
			remoteGlobalIDString = 896234FD24920AE20000ABCD;
			remoteInfo = SemFilterControl;
		};
		8964218B247250660081DC87 /* PBXContainerItemProxy */ = {
			isa = PBXContainerItemProxy;
			containerPortal = 89642169247250590081DC87 /* Project object */;
			proxyType = 1;
			remoteGlobalIDString = 89642170247250590081DC87;
			remoteInfo = Semantics;
		};
/* End PBXContainerItemProxy section */

/* Begin PBXCopyFilesBuildPhase section */
		896234D92491F3650000ABCD /* Embed App Extensions */ = {
			isa = PBXCopyFilesBuildPhase;
			buildActionMask = 2147483647;
			dstPath = "";
			dstSubfolderSpec = 13;
			files = (
				8962350624920AE20000ABCD /* SemFilterControl.appex in Embed App Extensions */,
				896234E62491F4AE0000ABCD /* SemContentFilter.appex in Embed App Extensions */,
			);
			name = "Embed App Extensions";
			runOnlyForDeploymentPostprocessing = 0;
		};
/* End PBXCopyFilesBuildPhase section */

/* Begin PBXFileReference section */
		1CE70680BC6B643E2B4DF9B0 /* Pods-SemFilterControl.debug.xcconfig */ = {isa = PBXFileReference; includeInIndex = 1; lastKnownFileType = text.xcconfig; name = "Pods-SemFilterControl.debug.xcconfig"; path = "Target Support Files/Pods-SemFilterControl/Pods-SemFilterControl.debug.xcconfig"; sourceTree = "<group>"; };
		22C4430679667F50967D6200 /* Pods-Semantics.release.xcconfig */ = {isa = PBXFileReference; includeInIndex = 1; lastKnownFileType = text.xcconfig; name = "Pods-Semantics.release.xcconfig"; path = "Target Support Files/Pods-Semantics/Pods-Semantics.release.xcconfig"; sourceTree = "<group>"; };
		35926C0BAFDDB0FC3DC53E11 /* Pods-SemContentFilter.release.xcconfig */ = {isa = PBXFileReference; includeInIndex = 1; lastKnownFileType = text.xcconfig; name = "Pods-SemContentFilter.release.xcconfig"; path = "Target Support Files/Pods-SemContentFilter/Pods-SemContentFilter.release.xcconfig"; sourceTree = "<group>"; };
		56EB719F7E1C826A797E1EF6 /* Pods_Semantics.framework */ = {isa = PBXFileReference; explicitFileType = wrapper.framework; includeInIndex = 0; path = Pods_Semantics.framework; sourceTree = BUILT_PRODUCTS_DIR; };
		719DE19C61E5E26B128592F8 /* Pods-SemContentFilter.debug.xcconfig */ = {isa = PBXFileReference; includeInIndex = 1; lastKnownFileType = text.xcconfig; name = "Pods-SemContentFilter.debug.xcconfig"; path = "Target Support Files/Pods-SemContentFilter/Pods-SemContentFilter.debug.xcconfig"; sourceTree = "<group>"; };
		7A142CA0C9D80D637211EB83 /* Pods_SemContentFilter.framework */ = {isa = PBXFileReference; explicitFileType = wrapper.framework; includeInIndex = 0; path = Pods_SemContentFilter.framework; sourceTree = BUILT_PRODUCTS_DIR; };
		8911386224C1644A00CBEBB5 /* CGRect+.swift */ = {isa = PBXFileReference; lastKnownFileType = sourcecode.swift; path = "CGRect+.swift"; sourceTree = "<group>"; };
		8911386724C1984C00CBEBB5 /* Theme.swift */ = {isa = PBXFileReference; lastKnownFileType = sourcecode.swift; path = Theme.swift; sourceTree = "<group>"; };
		892C63CF248661D100208446 /* SemTextStorage.swift */ = {isa = PBXFileReference; lastKnownFileType = sourcecode.swift; path = SemTextStorage.swift; sourceTree = "<group>"; };
		892C63D12486630900208446 /* SemStyle.swift */ = {isa = PBXFileReference; lastKnownFileType = sourcecode.swift; path = SemStyle.swift; sourceTree = "<group>"; };
		892C63D424866A1000208446 /* NSRange+.swift */ = {isa = PBXFileReference; lastKnownFileType = sourcecode.swift; path = "NSRange+.swift"; sourceTree = "<group>"; };
		892C63DD24867F8700208446 /* SemTextView.swift */ = {isa = PBXFileReference; lastKnownFileType = sourcecode.swift; path = SemTextView.swift; sourceTree = "<group>"; };
		892C63DF2487934300208446 /* SWUISemTextView.swift */ = {isa = PBXFileReference; lastKnownFileType = sourcecode.swift; path = SWUISemTextView.swift; sourceTree = "<group>"; };
		892C63E12487BA6500208446 /* NSAttributedString.Key+.swift */ = {isa = PBXFileReference; lastKnownFileType = sourcecode.swift; path = "NSAttributedString.Key+.swift"; sourceTree = "<group>"; };
		892C640F248A09C600208446 /* SemSetsVC.swift */ = {isa = PBXFileReference; lastKnownFileType = sourcecode.swift; path = SemSetsVC.swift; sourceTree = "<group>"; };
		892C6411248A0C2100208446 /* UIViewController+.swift */ = {isa = PBXFileReference; lastKnownFileType = sourcecode.swift; path = "UIViewController+.swift"; sourceTree = "<group>"; };
		892C6413248CCFE200208446 /* SemSetVC.swift */ = {isa = PBXFileReference; lastKnownFileType = sourcecode.swift; path = SemSetVC.swift; sourceTree = "<group>"; };
		892C6415248E1C1800208446 /* SemSetSubwordVC.swift */ = {isa = PBXFileReference; lastKnownFileType = sourcecode.swift; path = SemSetSubwordVC.swift; sourceTree = "<group>"; };
		892C6417248E589500208446 /* ProfileVC.swift */ = {isa = PBXFileReference; lastKnownFileType = sourcecode.swift; path = ProfileVC.swift; sourceTree = "<group>"; };
		896234C5248F99330000ABCD /* Graphiccontent.swift */ = {isa = PBXFileReference; lastKnownFileType = sourcecode.swift; path = Graphiccontent.swift; sourceTree = "<group>"; };
		896234C7248FA7A20000ABCD /* Concurrency.swift */ = {isa = PBXFileReference; lastKnownFileType = sourcecode.swift; path = Concurrency.swift; sourceTree = "<group>"; };
		896234DE2491F4AE0000ABCD /* SemContentFilter.appex */ = {isa = PBXFileReference; explicitFileType = "wrapper.app-extension"; includeInIndex = 0; path = SemContentFilter.appex; sourceTree = BUILT_PRODUCTS_DIR; };
		896234E02491F4AE0000ABCD /* FilterDataProvider.swift */ = {isa = PBXFileReference; lastKnownFileType = sourcecode.swift; path = FilterDataProvider.swift; sourceTree = "<group>"; };
		896234E22491F4AE0000ABCD /* Info.plist */ = {isa = PBXFileReference; lastKnownFileType = text.plist.xml; path = Info.plist; sourceTree = "<group>"; };
		896234E32491F4AE0000ABCD /* SemContentFilter.entitlements */ = {isa = PBXFileReference; lastKnownFileType = text.plist.entitlements; path = SemContentFilter.entitlements; sourceTree = "<group>"; };
		896234FE24920AE20000ABCD /* SemFilterControl.appex */ = {isa = PBXFileReference; explicitFileType = "wrapper.app-extension"; includeInIndex = 0; path = SemFilterControl.appex; sourceTree = BUILT_PRODUCTS_DIR; };
		8962350024920AE20000ABCD /* FilterControlProvider.swift */ = {isa = PBXFileReference; lastKnownFileType = sourcecode.swift; path = FilterControlProvider.swift; sourceTree = "<group>"; };
		8962350224920AE20000ABCD /* Info.plist */ = {isa = PBXFileReference; lastKnownFileType = text.plist.xml; path = Info.plist; sourceTree = "<group>"; };
		8962350324920AE20000ABCD /* SemFilterControl.entitlements */ = {isa = PBXFileReference; lastKnownFileType = text.plist.entitlements; path = SemFilterControl.entitlements; sourceTree = "<group>"; };
		8962350A24920B110000ABCD /* SemContentFilterVC.swift */ = {isa = PBXFileReference; lastKnownFileType = sourcecode.swift; path = SemContentFilterVC.swift; sourceTree = "<group>"; };
		8962350C24920CF40000ABCD /* NetworkExtension.framework */ = {isa = PBXFileReference; lastKnownFileType = wrapper.framework; name = NetworkExtension.framework; path = System/Library/Frameworks/NetworkExtension.framework; sourceTree = SDKROOT; };
		896344B7249DD7F90060160B /* WordsGraphVC.swift */ = {isa = PBXFileReference; lastKnownFileType = sourcecode.swift; path = WordsGraphVC.swift; sourceTree = "<group>"; };
		896344BA249F36FD0060160B /* CoreDataLayer1.swift */ = {isa = PBXFileReference; lastKnownFileType = sourcecode.swift; path = CoreDataLayer1.swift; sourceTree = "<group>"; };
		896344BC249F570A0060160B /* CoreDataLayer2.swift */ = {isa = PBXFileReference; lastKnownFileType = sourcecode.swift; path = CoreDataLayer2.swift; sourceTree = "<group>"; };
		896344BE249F8F240060160B /* TextLoader.swift */ = {isa = PBXFileReference; lastKnownFileType = sourcecode.swift; path = TextLoader.swift; sourceTree = "<group>"; };
		896344C0249F94870060160B /* NSManagedObjectLayer.swift */ = {isa = PBXFileReference; lastKnownFileType = sourcecode.swift; path = NSManagedObjectLayer.swift; sourceTree = "<group>"; };
		896344C224A1C5180060160B /* String+.swift */ = {isa = PBXFileReference; lastKnownFileType = sourcecode.swift; path = "String+.swift"; sourceTree = "<group>"; };
		89642171247250590081DC87 /* Semantics.app */ = {isa = PBXFileReference; explicitFileType = wrapper.application; includeInIndex = 0; path = Semantics.app; sourceTree = BUILT_PRODUCTS_DIR; };
		89642174247250590081DC87 /* AppDelegate.swift */ = {isa = PBXFileReference; lastKnownFileType = sourcecode.swift; path = AppDelegate.swift; sourceTree = "<group>"; };
		89642176247250590081DC87 /* SceneDelegate.swift */ = {isa = PBXFileReference; lastKnownFileType = sourcecode.swift; path = SceneDelegate.swift; sourceTree = "<group>"; };
		89642179247250590081DC87 /* Semantics.xcdatamodel */ = {isa = PBXFileReference; lastKnownFileType = wrapper.xcdatamodel; path = Semantics.xcdatamodel; sourceTree = "<group>"; };
		8964217B247250590081DC87 /* ContentView.swift */ = {isa = PBXFileReference; lastKnownFileType = sourcecode.swift; path = ContentView.swift; sourceTree = "<group>"; };
		8964217D247250650081DC87 /* Assets.xcassets */ = {isa = PBXFileReference; lastKnownFileType = folder.assetcatalog; path = Assets.xcassets; sourceTree = "<group>"; };
		89642180247250650081DC87 /* Preview Assets.xcassets */ = {isa = PBXFileReference; lastKnownFileType = folder.assetcatalog; path = "Preview Assets.xcassets"; sourceTree = "<group>"; };
		89642183247250650081DC87 /* Base */ = {isa = PBXFileReference; lastKnownFileType = file.storyboard; name = Base; path = Base.lproj/LaunchScreen.storyboard; sourceTree = "<group>"; };
		89642185247250650081DC87 /* Info.plist */ = {isa = PBXFileReference; lastKnownFileType = text.plist.xml; path = Info.plist; sourceTree = "<group>"; };
		8964218A247250660081DC87 /* SemanticsTests.xctest */ = {isa = PBXFileReference; explicitFileType = wrapper.cfbundle; includeInIndex = 0; path = SemanticsTests.xctest; sourceTree = BUILT_PRODUCTS_DIR; };
		8964218E247250660081DC87 /* SemanticsTests.swift */ = {isa = PBXFileReference; lastKnownFileType = sourcecode.swift; path = SemanticsTests.swift; sourceTree = "<group>"; };
		89642190247250660081DC87 /* Info.plist */ = {isa = PBXFileReference; lastKnownFileType = text.plist.xml; path = Info.plist; sourceTree = "<group>"; };
		8964219A247250B10081DC87 /* Model.swift */ = {isa = PBXFileReference; lastKnownFileType = sourcecode.swift; path = Model.swift; sourceTree = "<group>"; };
		8964219C2472BAC50081DC87 /* Semantics.entitlements */ = {isa = PBXFileReference; lastKnownFileType = text.plist.entitlements; path = Semantics.entitlements; sourceTree = "<group>"; };
		8964219E2472BF4C0081DC87 /* CloudKit.framework */ = {isa = PBXFileReference; lastKnownFileType = wrapper.framework; name = CloudKit.framework; path = System/Library/Frameworks/CloudKit.framework; sourceTree = SDKROOT; };
		8968B741247BB66600F746E2 /* TestView.swift */ = {isa = PBXFileReference; lastKnownFileType = sourcecode.swift; path = TestView.swift; sourceTree = "<group>"; };
		8976AC68247BC7A900A7AD15 /* EclipseCollisionBoundsWrapper.swift */ = {isa = PBXFileReference; lastKnownFileType = sourcecode.swift; path = EclipseCollisionBoundsWrapper.swift; sourceTree = "<group>"; };
		8976AC6A247BFA3700A7AD15 /* KeyboardAdaptive.swift */ = {isa = PBXFileReference; lastKnownFileType = sourcecode.swift; path = KeyboardAdaptive.swift; sourceTree = "<group>"; };
		8991DAD924B3513200299595 /* SemFoldersVC.swift */ = {isa = PBXFileReference; lastKnownFileType = sourcecode.swift; path = SemFoldersVC.swift; sourceTree = "<group>"; };
		8991DADD24B45BE100299595 /* SearchResultsVC.swift */ = {isa = PBXFileReference; lastKnownFileType = sourcecode.swift; path = SearchResultsVC.swift; sourceTree = "<group>"; };
		8991DAE024B6F9BD00299595 /* SemTextLayout.swift */ = {isa = PBXFileReference; lastKnownFileType = sourcecode.swift; path = SemTextLayout.swift; sourceTree = "<group>"; };
		89988ADA24C2D3040005580B /* BarrierVC.swift */ = {isa = PBXFileReference; lastKnownFileType = sourcecode.swift; path = BarrierVC.swift; sourceTree = "<group>"; };
		89988ADC24C2D8FF0005580B /* SemSectorVC.swift */ = {isa = PBXFileReference; lastKnownFileType = sourcecode.swift; path = SemSectorVC.swift; sourceTree = "<group>"; };
		89988ADE24C2D9FE0005580B /* SemSectorsVC.swift */ = {isa = PBXFileReference; lastKnownFileType = sourcecode.swift; path = SemSectorsVC.swift; sourceTree = "<group>"; };
		89988AE024C2F7EB0005580B /* SectorDataLayer.swift */ = {isa = PBXFileReference; lastKnownFileType = sourcecode.swift; path = SectorDataLayer.swift; sourceTree = "<group>"; };
		89988AE224C2FD8C0005580B /* OceanLayerDataLayer.swift */ = {isa = PBXFileReference; lastKnownFileType = sourcecode.swift; path = OceanLayerDataLayer.swift; sourceTree = "<group>"; };
		89B953AA24B70FCE00472692 /* SemGestureRecognizer.swift */ = {isa = PBXFileReference; lastKnownFileType = sourcecode.swift; path = SemGestureRecognizer.swift; sourceTree = "<group>"; };
		89C2889224A34308002081FE /* NetworkSpace.swift */ = {isa = PBXFileReference; lastKnownFileType = sourcecode.swift; path = NetworkSpace.swift; sourceTree = "<group>"; };
		89D8F3F42474EBA000D12F15 /* CircleImage.swift */ = {isa = PBXFileReference; lastKnownFileType = sourcecode.swift; path = CircleImage.swift; sourceTree = "<group>"; };
		89D8F3F62474F1BF00D12F15 /* MapView.swift */ = {isa = PBXFileReference; lastKnownFileType = sourcecode.swift; path = MapView.swift; sourceTree = "<group>"; };
		89D8F3FC247504AE00D12F15 /* LandmarkRow.swift */ = {isa = PBXFileReference; lastKnownFileType = sourcecode.swift; path = LandmarkRow.swift; sourceTree = "<group>"; };
		89D8F3FE247504E500D12F15 /* Landmark.swift */ = {isa = PBXFileReference; lastKnownFileType = sourcecode.swift; path = Landmark.swift; sourceTree = "<group>"; };
		89D8F4002475050900D12F15 /* Data.swift */ = {isa = PBXFileReference; lastKnownFileType = sourcecode.swift; path = Data.swift; sourceTree = "<group>"; };
		89D8F41F2475094E00D12F15 /* LandmarkList.swift */ = {isa = PBXFileReference; lastKnownFileType = sourcecode.swift; path = LandmarkList.swift; sourceTree = "<group>"; };
		89D8F4212475199000D12F15 /* LandmarkDetail.swift */ = {isa = PBXFileReference; lastKnownFileType = sourcecode.swift; path = LandmarkDetail.swift; sourceTree = "<group>"; };
		89D8F4232475258300D12F15 /* turtlerock.jpg */ = {isa = PBXFileReference; lastKnownFileType = image.jpeg; path = turtlerock.jpg; sourceTree = "<group>"; };
		89D8F4242475258300D12F15 /* umbagog.jpg */ = {isa = PBXFileReference; lastKnownFileType = image.jpeg; path = umbagog.jpg; sourceTree = "<group>"; };
		89D8F4252475258400D12F15 /* lakemcdonald.jpg */ = {isa = PBXFileReference; lastKnownFileType = image.jpeg; path = lakemcdonald.jpg; sourceTree = "<group>"; };
		89D8F4262475258400D12F15 /* twinlake.jpg */ = {isa = PBXFileReference; lastKnownFileType = image.jpeg; path = twinlake.jpg; sourceTree = "<group>"; };
		89D8F4272475258400D12F15 /* stmarylake.jpg */ = {isa = PBXFileReference; lastKnownFileType = image.jpeg; path = stmarylake.jpg; sourceTree = "<group>"; };
		89D8F4282475258400D12F15 /* chincoteague.jpg */ = {isa = PBXFileReference; lastKnownFileType = image.jpeg; path = chincoteague.jpg; sourceTree = "<group>"; };
		89D8F4292475258500D12F15 /* rainbowlake.jpg */ = {isa = PBXFileReference; lastKnownFileType = image.jpeg; path = rainbowlake.jpg; sourceTree = "<group>"; };
		89D8F42A2475258500D12F15 /* charleyrivers.jpg */ = {isa = PBXFileReference; lastKnownFileType = image.jpeg; path = charleyrivers.jpg; sourceTree = "<group>"; };
		89D8F42B2475258500D12F15 /* icybay.jpg */ = {isa = PBXFileReference; lastKnownFileType = image.jpeg; path = icybay.jpg; sourceTree = "<group>"; };
		89D8F42C2475258600D12F15 /* landmarkData.json */ = {isa = PBXFileReference; fileEncoding = 4; lastKnownFileType = text.json; path = landmarkData.json; sourceTree = "<group>"; };
		89D8F42D2475258600D12F15 /* silversalmoncreek.jpg */ = {isa = PBXFileReference; lastKnownFileType = image.jpeg; path = silversalmoncreek.jpg; sourceTree = "<group>"; };
		89D8F42E2475258700D12F15 /* chilkoottrail.jpg */ = {isa = PBXFileReference; lastKnownFileType = image.jpeg; path = chilkoottrail.jpg; sourceTree = "<group>"; };
		89D8F42F2475258800D12F15 /* hiddenlake.jpg */ = {isa = PBXFileReference; lastKnownFileType = image.jpeg; path = hiddenlake.jpg; sourceTree = "<group>"; };
		89D8F43D24752A9D00D12F15 /* UserData.swift */ = {isa = PBXFileReference; lastKnownFileType = sourcecode.swift; path = UserData.swift; sourceTree = "<group>"; };
		89D8F44124754E4500D12F15 /* Badge.swift */ = {isa = PBXFileReference; lastKnownFileType = sourcecode.swift; path = Badge.swift; sourceTree = "<group>"; };
		89D8F44424754EDB00D12F15 /* HexagonParameters.swift */ = {isa = PBXFileReference; lastKnownFileType = sourcecode.swift; path = HexagonParameters.swift; sourceTree = "<group>"; };
		89D8F44624755A8700D12F15 /* BadgeBackground.swift */ = {isa = PBXFileReference; lastKnownFileType = sourcecode.swift; path = BadgeBackground.swift; sourceTree = "<group>"; };
		89D8F44824755ACB00D12F15 /* BadgeSymbol.swift */ = {isa = PBXFileReference; lastKnownFileType = sourcecode.swift; path = BadgeSymbol.swift; sourceTree = "<group>"; };
		89D8F44A24765A9B00D12F15 /* RotatedBadgeSymbol.swift */ = {isa = PBXFileReference; lastKnownFileType = sourcecode.swift; path = RotatedBadgeSymbol.swift; sourceTree = "<group>"; };
		89D8F45024766CD300D12F15 /* TextOnCircle.swift */ = {isa = PBXFileReference; lastKnownFileType = sourcecode.swift; path = TextOnCircle.swift; sourceTree = "<group>"; };
		89E93FC32479873D0039935D /* SemSetView.swift */ = {isa = PBXFileReference; lastKnownFileType = sourcecode.swift; path = SemSetView.swift; sourceTree = "<group>"; };
		8F372B7B3F145196D23CE67D /* Pods_SemanticsTests.framework */ = {isa = PBXFileReference; explicitFileType = wrapper.framework; includeInIndex = 0; path = Pods_SemanticsTests.framework; sourceTree = BUILT_PRODUCTS_DIR; };
		A32F1871FEF854BC52BFCFBE /* Pods_SemFilterControl.framework */ = {isa = PBXFileReference; explicitFileType = wrapper.framework; includeInIndex = 0; path = Pods_SemFilterControl.framework; sourceTree = BUILT_PRODUCTS_DIR; };
		C7D5A0AE45A410A2DD4DA81F /* Pods-SemanticsTests.debug.xcconfig */ = {isa = PBXFileReference; includeInIndex = 1; lastKnownFileType = text.xcconfig; name = "Pods-SemanticsTests.debug.xcconfig"; path = "Target Support Files/Pods-SemanticsTests/Pods-SemanticsTests.debug.xcconfig"; sourceTree = "<group>"; };
		E25A4D2618E8026B68BDBF2A /* Pods-Semantics.debug.xcconfig */ = {isa = PBXFileReference; includeInIndex = 1; lastKnownFileType = text.xcconfig; name = "Pods-Semantics.debug.xcconfig"; path = "Target Support Files/Pods-Semantics/Pods-Semantics.debug.xcconfig"; sourceTree = "<group>"; };
		F22CC5BB9BDF6083EC38BE54 /* Pods-SemFilterControl.release.xcconfig */ = {isa = PBXFileReference; includeInIndex = 1; lastKnownFileType = text.xcconfig; name = "Pods-SemFilterControl.release.xcconfig"; path = "Target Support Files/Pods-SemFilterControl/Pods-SemFilterControl.release.xcconfig"; sourceTree = "<group>"; };
		FD10EEC6AA9527A4BDE58F9C /* Pods-SemanticsTests.release.xcconfig */ = {isa = PBXFileReference; includeInIndex = 1; lastKnownFileType = text.xcconfig; name = "Pods-SemanticsTests.release.xcconfig"; path = "Target Support Files/Pods-SemanticsTests/Pods-SemanticsTests.release.xcconfig"; sourceTree = "<group>"; };
/* End PBXFileReference section */

/* Begin PBXFrameworksBuildPhase section */
		896234DB2491F4AE0000ABCD /* Frameworks */ = {
			isa = PBXFrameworksBuildPhase;
			buildActionMask = 2147483647;
			files = (
				8962350F24920E430000ABCD /* NetworkExtension.framework in Frameworks */,
				932E1A193EA911BD80AD6B8A /* Pods_SemContentFilter.framework in Frameworks */,
			);
			runOnlyForDeploymentPostprocessing = 0;
		};
		896234FB24920AE20000ABCD /* Frameworks */ = {
			isa = PBXFrameworksBuildPhase;
			buildActionMask = 2147483647;
			files = (
				8962350E24920E300000ABCD /* NetworkExtension.framework in Frameworks */,
				83F7BD526A39AE76A386B437 /* Pods_SemFilterControl.framework in Frameworks */,
			);
			runOnlyForDeploymentPostprocessing = 0;
		};
		8964216E247250590081DC87 /* Frameworks */ = {
			isa = PBXFrameworksBuildPhase;
			buildActionMask = 2147483647;
			files = (
				8911386624C1672000CBEBB5 /* SwifterSwift in Frameworks */,
				89C28CFE24ADC22E002081FE /* SwiftHEXColors in Frameworks */,
				896344B224936E210060160B /* Kingfisher in Frameworks */,
				8964219F2472BF4D0081DC87 /* CloudKit.framework in Frameworks */,
				896344B424936E210060160B /* KingfisherSwiftUI in Frameworks */,
				8962350D24920CF40000ABCD /* NetworkExtension.framework in Frameworks */,
				66A40F737D45F299B37EE8AE /* Pods_Semantics.framework in Frameworks */,
			);
			runOnlyForDeploymentPostprocessing = 0;
		};
		89642187247250660081DC87 /* Frameworks */ = {
			isa = PBXFrameworksBuildPhase;
			buildActionMask = 2147483647;
			files = (
				0B90FE90F55ECAC3B9ABE61B /* Pods_SemanticsTests.framework in Frameworks */,
			);
			runOnlyForDeploymentPostprocessing = 0;
		};
/* End PBXFrameworksBuildPhase section */

/* Begin PBXGroup section */
		45D124AB911FE01F9AA0E59B /* Pods */ = {
			isa = PBXGroup;
			children = (
				719DE19C61E5E26B128592F8 /* Pods-SemContentFilter.debug.xcconfig */,
				35926C0BAFDDB0FC3DC53E11 /* Pods-SemContentFilter.release.xcconfig */,
				1CE70680BC6B643E2B4DF9B0 /* Pods-SemFilterControl.debug.xcconfig */,
				F22CC5BB9BDF6083EC38BE54 /* Pods-SemFilterControl.release.xcconfig */,
				E25A4D2618E8026B68BDBF2A /* Pods-Semantics.debug.xcconfig */,
				22C4430679667F50967D6200 /* Pods-Semantics.release.xcconfig */,
				C7D5A0AE45A410A2DD4DA81F /* Pods-SemanticsTests.debug.xcconfig */,
				FD10EEC6AA9527A4BDE58F9C /* Pods-SemanticsTests.release.xcconfig */,
			);
			path = Pods;
			sourceTree = "<group>";
		};
		892C63CE2486616F00208446 /* TextSystem */ = {
			isa = PBXGroup;
			children = (
				892C63CF248661D100208446 /* SemTextStorage.swift */,
				8991DAE024B6F9BD00299595 /* SemTextLayout.swift */,
				892C63D12486630900208446 /* SemStyle.swift */,
				892C63DD24867F8700208446 /* SemTextView.swift */,
				896344BE249F8F240060160B /* TextLoader.swift */,
				89B953AA24B70FCE00472692 /* SemGestureRecognizer.swift */,
			);
			path = TextSystem;
			sourceTree = "<group>";
		};
		892C63D3248669FF00208446 /* Utils */ = {
			isa = PBXGroup;
			children = (
				8976AC68247BC7A900A7AD15 /* EclipseCollisionBoundsWrapper.swift */,
				8976AC6A247BFA3700A7AD15 /* KeyboardAdaptive.swift */,
				892C63D424866A1000208446 /* NSRange+.swift */,
				892C63E12487BA6500208446 /* NSAttributedString.Key+.swift */,
				892C6411248A0C2100208446 /* UIViewController+.swift */,
				896344C224A1C5180060160B /* String+.swift */,
				8911386224C1644A00CBEBB5 /* CGRect+.swift */,
			);
			path = Utils;
			sourceTree = "<group>";
		};
		892C640E248A09B900208446 /* VCs */ = {
			isa = PBXGroup;
			children = (
				892C640F248A09C600208446 /* SemSetsVC.swift */,
				892C6413248CCFE200208446 /* SemSetVC.swift */,
				892C6415248E1C1800208446 /* SemSetSubwordVC.swift */,
				892C6417248E589500208446 /* ProfileVC.swift */,
				8962350A24920B110000ABCD /* SemContentFilterVC.swift */,
				896344B7249DD7F90060160B /* WordsGraphVC.swift */,
				8991DAD924B3513200299595 /* SemFoldersVC.swift */,
				8991DADD24B45BE100299595 /* SearchResultsVC.swift */,
				89988ADA24C2D3040005580B /* BarrierVC.swift */,
				89988ADC24C2D8FF0005580B /* SemSectorVC.swift */,
				89988ADE24C2D9FE0005580B /* SemSectorsVC.swift */,
			);
			path = VCs;
			sourceTree = "<group>";
		};
		896234C4248F99030000ABCD /* Infra */ = {
			isa = PBXGroup;
			children = (
				896234C5248F99330000ABCD /* Graphiccontent.swift */,
				896234C7248FA7A20000ABCD /* Concurrency.swift */,
			);
			path = Infra;
			sourceTree = "<group>";
		};
		896234DF2491F4AE0000ABCD /* SemContentFilter */ = {
			isa = PBXGroup;
			children = (
				896234E02491F4AE0000ABCD /* FilterDataProvider.swift */,
				896234E22491F4AE0000ABCD /* Info.plist */,
				896234E32491F4AE0000ABCD /* SemContentFilter.entitlements */,
			);
			path = SemContentFilter;
			sourceTree = "<group>";
		};
		896234FF24920AE20000ABCD /* SemFilterControl */ = {
			isa = PBXGroup;
			children = (
				8962350024920AE20000ABCD /* FilterControlProvider.swift */,
				8962350224920AE20000ABCD /* Info.plist */,
				8962350324920AE20000ABCD /* SemFilterControl.entitlements */,
			);
			path = SemFilterControl;
			sourceTree = "<group>";
		};
		896344B9249F36AF0060160B /* Models */ = {
			isa = PBXGroup;
			children = (
				896344BA249F36FD0060160B /* CoreDataLayer1.swift */,
				896344BC249F570A0060160B /* CoreDataLayer2.swift */,
				896344C0249F94870060160B /* NSManagedObjectLayer.swift */,
				89642178247250590081DC87 /* Semantics.xcdatamodeld */,
				89988AE024C2F7EB0005580B /* SectorDataLayer.swift */,
				89988AE224C2FD8C0005580B /* OceanLayerDataLayer.swift */,
			);
			path = Models;
			sourceTree = "<group>";
		};
		89642168247250590081DC87 = {
			isa = PBXGroup;
			children = (
				89988AD924C2D0210005580B /* Resources */,
				8991DADF24B5A77E00299595 /* Configs */,
				89C2889124A34243002081FE /* Network */,
				892C63CE2486616F00208446 /* TextSystem */,
				896344B9249F36AF0060160B /* Models */,
				892C63D3248669FF00208446 /* Utils */,
				896234C4248F99030000ABCD /* Infra */,
				892C640E248A09B900208446 /* VCs */,
				89642173247250590081DC87 /* Semantics */,
				8964218D247250660081DC87 /* SemanticsTests */,
				896234DF2491F4AE0000ABCD /* SemContentFilter */,
				896234FF24920AE20000ABCD /* SemFilterControl */,
				89642172247250590081DC87 /* Products */,
				8964219D2472BF4C0081DC87 /* Frameworks */,
				45D124AB911FE01F9AA0E59B /* Pods */,
			);
			sourceTree = "<group>";
		};
		89642172247250590081DC87 /* Products */ = {
			isa = PBXGroup;
			children = (
				89642171247250590081DC87 /* Semantics.app */,
				8964218A247250660081DC87 /* SemanticsTests.xctest */,
				896234DE2491F4AE0000ABCD /* SemContentFilter.appex */,
				896234FE24920AE20000ABCD /* SemFilterControl.appex */,
			);
			name = Products;
			sourceTree = "<group>";
		};
		89642173247250590081DC87 /* Semantics */ = {
			isa = PBXGroup;
			children = (
				89D8F44F24766C7F00D12F15 /* CustomViews */,
				89D8F44C2476639300D12F15 /* ListNavigation */,
				89D8F44324754EBE00D12F15 /* Drawing */,
				8964219C2472BAC50081DC87 /* Semantics.entitlements */,
				89642174247250590081DC87 /* AppDelegate.swift */,
				89642176247250590081DC87 /* SceneDelegate.swift */,
				89E93FC32479873D0039935D /* SemSetView.swift */,
				89642182247250650081DC87 /* LaunchScreen.storyboard */,
				8964217F247250650081DC87 /* Preview Content */,
			);
			path = Semantics;
			sourceTree = "<group>";
		};
		8964217F247250650081DC87 /* Preview Content */ = {
			isa = PBXGroup;
			children = (
				89642180247250650081DC87 /* Preview Assets.xcassets */,
			);
			path = "Preview Content";
			sourceTree = "<group>";
		};
		8964218D247250660081DC87 /* SemanticsTests */ = {
			isa = PBXGroup;
			children = (
				8964218E247250660081DC87 /* SemanticsTests.swift */,
				89642190247250660081DC87 /* Info.plist */,
			);
			path = SemanticsTests;
			sourceTree = "<group>";
		};
		896421992472509E0081DC87 /* Model */ = {
			isa = PBXGroup;
			children = (
				8964219A247250B10081DC87 /* Model.swift */,
				89D8F3FE247504E500D12F15 /* Landmark.swift */,
				89D8F4002475050900D12F15 /* Data.swift */,
			);
			path = Model;
			sourceTree = "<group>";
		};
		8964219D2472BF4C0081DC87 /* Frameworks */ = {
			isa = PBXGroup;
			children = (
				8962350C24920CF40000ABCD /* NetworkExtension.framework */,
				8964219E2472BF4C0081DC87 /* CloudKit.framework */,
				7A142CA0C9D80D637211EB83 /* Pods_SemContentFilter.framework */,
				A32F1871FEF854BC52BFCFBE /* Pods_SemFilterControl.framework */,
				56EB719F7E1C826A797E1EF6 /* Pods_Semantics.framework */,
				8F372B7B3F145196D23CE67D /* Pods_SemanticsTests.framework */,
			);
			name = Frameworks;
			sourceTree = "<group>";
		};
		8991DADF24B5A77E00299595 /* Configs */ = {
			isa = PBXGroup;
			children = (
				89642185247250650081DC87 /* Info.plist */,
				8911386724C1984C00CBEBB5 /* Theme.swift */,
			);
			path = Configs;
			sourceTree = "<group>";
		};
		89988AD924C2D0210005580B /* Resources */ = {
			isa = PBXGroup;
			children = (
				8964217D247250650081DC87 /* Assets.xcassets */,
			);
			path = Resources;
			sourceTree = "<group>";
		};
		89C2889124A34243002081FE /* Network */ = {
			isa = PBXGroup;
			children = (
				89C2889224A34308002081FE /* NetworkSpace.swift */,
			);
			path = Network;
			sourceTree = "<group>";
		};
		89D8F4022475061900D12F15 /* Resources */ = {
			isa = PBXGroup;
			children = (
				89D8F42A2475258500D12F15 /* charleyrivers.jpg */,
				89D8F42E2475258700D12F15 /* chilkoottrail.jpg */,
				89D8F4282475258400D12F15 /* chincoteague.jpg */,
				89D8F42F2475258800D12F15 /* hiddenlake.jpg */,
				89D8F42B2475258500D12F15 /* icybay.jpg */,
				89D8F4252475258400D12F15 /* lakemcdonald.jpg */,
				89D8F42C2475258600D12F15 /* landmarkData.json */,
				89D8F4292475258500D12F15 /* rainbowlake.jpg */,
				89D8F42D2475258600D12F15 /* silversalmoncreek.jpg */,
				89D8F4272475258400D12F15 /* stmarylake.jpg */,
				89D8F4232475258300D12F15 /* turtlerock.jpg */,
				89D8F4262475258400D12F15 /* twinlake.jpg */,
				89D8F4242475258300D12F15 /* umbagog.jpg */,
			);
			path = Resources;
			sourceTree = "<group>";
		};
		89D8F44324754EBE00D12F15 /* Drawing */ = {
			isa = PBXGroup;
			children = (
				89D8F44124754E4500D12F15 /* Badge.swift */,
				89D8F44424754EDB00D12F15 /* HexagonParameters.swift */,
				89D8F44624755A8700D12F15 /* BadgeBackground.swift */,
				89D8F44824755ACB00D12F15 /* BadgeSymbol.swift */,
				89D8F44A24765A9B00D12F15 /* RotatedBadgeSymbol.swift */,
			);
			path = Drawing;
			sourceTree = "<group>";
		};
		89D8F44C2476639300D12F15 /* ListNavigation */ = {
			isa = PBXGroup;
			children = (
				89D8F3F42474EBA000D12F15 /* CircleImage.swift */,
				89D8F3F62474F1BF00D12F15 /* MapView.swift */,
				89D8F4022475061900D12F15 /* Resources */,
				896421992472509E0081DC87 /* Model */,
				89D8F43D24752A9D00D12F15 /* UserData.swift */,
				89D8F3FC247504AE00D12F15 /* LandmarkRow.swift */,
				89D8F41F2475094E00D12F15 /* LandmarkList.swift */,
				89D8F4212475199000D12F15 /* LandmarkDetail.swift */,
			);
			path = ListNavigation;
			sourceTree = "<group>";
		};
		89D8F44F24766C7F00D12F15 /* CustomViews */ = {
			isa = PBXGroup;
			children = (
				8964217B247250590081DC87 /* ContentView.swift */,
				89D8F45024766CD300D12F15 /* TextOnCircle.swift */,
				8968B741247BB66600F746E2 /* TestView.swift */,
				892C63DF2487934300208446 /* SWUISemTextView.swift */,
			);
			path = CustomViews;
			sourceTree = "<group>";
		};
/* End PBXGroup section */

/* Begin PBXNativeTarget section */
		896234DD2491F4AE0000ABCD /* SemContentFilter */ = {
			isa = PBXNativeTarget;
			buildConfigurationList = 896234E72491F4AE0000ABCD /* Build configuration list for PBXNativeTarget "SemContentFilter" */;
			buildPhases = (
				A09A18BC97AFC1B99ED4D84A /* [CP] Check Pods Manifest.lock */,
				896234DA2491F4AE0000ABCD /* Sources */,
				896234DB2491F4AE0000ABCD /* Frameworks */,
				896234DC2491F4AE0000ABCD /* Resources */,
			);
			buildRules = (
			);
			dependencies = (
			);
			name = SemContentFilter;
			productName = SemContentFilter;
			productReference = 896234DE2491F4AE0000ABCD /* SemContentFilter.appex */;
			productType = "com.apple.product-type.app-extension";
		};
		896234FD24920AE20000ABCD /* SemFilterControl */ = {
			isa = PBXNativeTarget;
			buildConfigurationList = 8962350724920AE20000ABCD /* Build configuration list for PBXNativeTarget "SemFilterControl" */;
			buildPhases = (
				7B858689F994D416C30F2B9C /* [CP] Check Pods Manifest.lock */,
				896234FA24920AE20000ABCD /* Sources */,
				896234FB24920AE20000ABCD /* Frameworks */,
				896234FC24920AE20000ABCD /* Resources */,
			);
			buildRules = (
			);
			dependencies = (
			);
			name = SemFilterControl;
			productName = SemFilterControl;
			productReference = 896234FE24920AE20000ABCD /* SemFilterControl.appex */;
			productType = "com.apple.product-type.app-extension";
		};
		89642170247250590081DC87 /* Semantics */ = {
			isa = PBXNativeTarget;
			buildConfigurationList = 89642193247250660081DC87 /* Build configuration list for PBXNativeTarget "Semantics" */;
			buildPhases = (
				56E0A765E1E2FE3114CF535C /* [CP] Check Pods Manifest.lock */,
				8964216D247250590081DC87 /* Sources */,
				8964216E247250590081DC87 /* Frameworks */,
				8964216F247250590081DC87 /* Resources */,
				896234D92491F3650000ABCD /* Embed App Extensions */,
				33C96352AAAF8B0B8A811CCF /* [CP] Embed Pods Frameworks */,
			);
			buildRules = (
			);
			dependencies = (
				896234E52491F4AE0000ABCD /* PBXTargetDependency */,
				8962350524920AE20000ABCD /* PBXTargetDependency */,
			);
			name = Semantics;
			packageProductDependencies = (
				896344B124936E210060160B /* Kingfisher */,
				896344B324936E210060160B /* KingfisherSwiftUI */,
				89C28CFD24ADC22E002081FE /* SwiftHEXColors */,
				8911386524C1672000CBEBB5 /* SwifterSwift */,
			);
			productName = Semantics;
			productReference = 89642171247250590081DC87 /* Semantics.app */;
			productType = "com.apple.product-type.application";
		};
		89642189247250660081DC87 /* SemanticsTests */ = {
			isa = PBXNativeTarget;
			buildConfigurationList = 89642196247250660081DC87 /* Build configuration list for PBXNativeTarget "SemanticsTests" */;
			buildPhases = (
				C0FF979F572DAE76D33E461A /* [CP] Check Pods Manifest.lock */,
				89642186247250660081DC87 /* Sources */,
				89642187247250660081DC87 /* Frameworks */,
				89642188247250660081DC87 /* Resources */,
			);
			buildRules = (
			);
			dependencies = (
				8964218C247250660081DC87 /* PBXTargetDependency */,
			);
			name = SemanticsTests;
			productName = SemanticsTests;
			productReference = 8964218A247250660081DC87 /* SemanticsTests.xctest */;
			productType = "com.apple.product-type.bundle.unit-test";
		};
/* End PBXNativeTarget section */

/* Begin PBXProject section */
		89642169247250590081DC87 /* Project object */ = {
			isa = PBXProject;
			attributes = {
				LastSwiftUpdateCheck = 1150;
				LastUpgradeCheck = 1140;
				ORGANIZATIONNAME = "Paper Scratch";
				TargetAttributes = {
					896234DD2491F4AE0000ABCD = {
						CreatedOnToolsVersion = 11.5;
					};
					896234FD24920AE20000ABCD = {
						CreatedOnToolsVersion = 11.5;
					};
					89642170247250590081DC87 = {
						CreatedOnToolsVersion = 11.4.1;
					};
					89642189247250660081DC87 = {
						CreatedOnToolsVersion = 11.4.1;
						TestTargetID = 89642170247250590081DC87;
					};
				};
			};
			buildConfigurationList = 8964216C247250590081DC87 /* Build configuration list for PBXProject "Semantics" */;
			compatibilityVersion = "Xcode 9.3";
			developmentRegion = en;
			hasScannedForEncodings = 0;
			knownRegions = (
				en,
				Base,
			);
			mainGroup = 89642168247250590081DC87;
			packageReferences = (
				896344B024936E210060160B /* XCRemoteSwiftPackageReference "Kingfisher" */,
				89C28CFC24ADC22E002081FE /* XCRemoteSwiftPackageReference "SwiftHEXColors" */,
				8911386424C1672000CBEBB5 /* XCRemoteSwiftPackageReference "SwifterSwift" */,
			);
			productRefGroup = 89642172247250590081DC87 /* Products */;
			projectDirPath = "";
			projectRoot = "";
			targets = (
				89642170247250590081DC87 /* Semantics */,
				89642189247250660081DC87 /* SemanticsTests */,
				896234DD2491F4AE0000ABCD /* SemContentFilter */,
				896234FD24920AE20000ABCD /* SemFilterControl */,
			);
		};
/* End PBXProject section */

/* Begin PBXResourcesBuildPhase section */
		896234DC2491F4AE0000ABCD /* Resources */ = {
			isa = PBXResourcesBuildPhase;
			buildActionMask = 2147483647;
			files = (
			);
			runOnlyForDeploymentPostprocessing = 0;
		};
		896234FC24920AE20000ABCD /* Resources */ = {
			isa = PBXResourcesBuildPhase;
			buildActionMask = 2147483647;
			files = (
			);
			runOnlyForDeploymentPostprocessing = 0;
		};
		8964216F247250590081DC87 /* Resources */ = {
			isa = PBXResourcesBuildPhase;
			buildActionMask = 2147483647;
			files = (
				89D8F4322475258800D12F15 /* lakemcdonald.jpg in Resources */,
				89D8F4362475258800D12F15 /* rainbowlake.jpg in Resources */,
				89D8F4302475258800D12F15 /* turtlerock.jpg in Resources */,
				89D8F4342475258800D12F15 /* stmarylake.jpg in Resources */,
				89D8F4392475258800D12F15 /* landmarkData.json in Resources */,
				89D8F4352475258800D12F15 /* chincoteague.jpg in Resources */,
				89D8F43C2475258800D12F15 /* hiddenlake.jpg in Resources */,
				89642184247250650081DC87 /* LaunchScreen.storyboard in Resources */,
				89642181247250650081DC87 /* Preview Assets.xcassets in Resources */,
				89D8F4372475258800D12F15 /* charleyrivers.jpg in Resources */,
				89D8F4332475258800D12F15 /* twinlake.jpg in Resources */,
				8964217E247250650081DC87 /* Assets.xcassets in Resources */,
				89D8F43A2475258800D12F15 /* silversalmoncreek.jpg in Resources */,
				89D8F4382475258800D12F15 /* icybay.jpg in Resources */,
				89D8F43B2475258800D12F15 /* chilkoottrail.jpg in Resources */,
				89D8F4312475258800D12F15 /* umbagog.jpg in Resources */,
			);
			runOnlyForDeploymentPostprocessing = 0;
		};
		89642188247250660081DC87 /* Resources */ = {
			isa = PBXResourcesBuildPhase;
			buildActionMask = 2147483647;
			files = (
			);
			runOnlyForDeploymentPostprocessing = 0;
		};
/* End PBXResourcesBuildPhase section */

/* Begin PBXShellScriptBuildPhase section */
		33C96352AAAF8B0B8A811CCF /* [CP] Embed Pods Frameworks */ = {
			isa = PBXShellScriptBuildPhase;
			buildActionMask = 2147483647;
			files = (
			);
			inputFileListPaths = (
				"${PODS_ROOT}/Target Support Files/Pods-Semantics/Pods-Semantics-frameworks-${CONFIGURATION}-input-files.xcfilelist",
			);
			name = "[CP] Embed Pods Frameworks";
			outputFileListPaths = (
				"${PODS_ROOT}/Target Support Files/Pods-Semantics/Pods-Semantics-frameworks-${CONFIGURATION}-output-files.xcfilelist",
			);
			runOnlyForDeploymentPostprocessing = 0;
			shellPath = /bin/sh;
			shellScript = "\"${PODS_ROOT}/Target Support Files/Pods-Semantics/Pods-Semantics-frameworks.sh\"\n";
			showEnvVarsInLog = 0;
		};
		56E0A765E1E2FE3114CF535C /* [CP] Check Pods Manifest.lock */ = {
			isa = PBXShellScriptBuildPhase;
			buildActionMask = 2147483647;
			files = (
			);
			inputFileListPaths = (
			);
			inputPaths = (
				"${PODS_PODFILE_DIR_PATH}/Podfile.lock",
				"${PODS_ROOT}/Manifest.lock",
			);
			name = "[CP] Check Pods Manifest.lock";
			outputFileListPaths = (
			);
			outputPaths = (
				"$(DERIVED_FILE_DIR)/Pods-Semantics-checkManifestLockResult.txt",
			);
			runOnlyForDeploymentPostprocessing = 0;
			shellPath = /bin/sh;
			shellScript = "diff \"${PODS_PODFILE_DIR_PATH}/Podfile.lock\" \"${PODS_ROOT}/Manifest.lock\" > /dev/null\nif [ $? != 0 ] ; then\n    # print error to STDERR\n    echo \"error: The sandbox is not in sync with the Podfile.lock. Run 'pod install' or update your CocoaPods installation.\" >&2\n    exit 1\nfi\n# This output is used by Xcode 'outputs' to avoid re-running this script phase.\necho \"SUCCESS\" > \"${SCRIPT_OUTPUT_FILE_0}\"\n";
			showEnvVarsInLog = 0;
		};
		7B858689F994D416C30F2B9C /* [CP] Check Pods Manifest.lock */ = {
			isa = PBXShellScriptBuildPhase;
			buildActionMask = 2147483647;
			files = (
			);
			inputFileListPaths = (
			);
			inputPaths = (
				"${PODS_PODFILE_DIR_PATH}/Podfile.lock",
				"${PODS_ROOT}/Manifest.lock",
			);
			name = "[CP] Check Pods Manifest.lock";
			outputFileListPaths = (
			);
			outputPaths = (
				"$(DERIVED_FILE_DIR)/Pods-SemFilterControl-checkManifestLockResult.txt",
			);
			runOnlyForDeploymentPostprocessing = 0;
			shellPath = /bin/sh;
			shellScript = "diff \"${PODS_PODFILE_DIR_PATH}/Podfile.lock\" \"${PODS_ROOT}/Manifest.lock\" > /dev/null\nif [ $? != 0 ] ; then\n    # print error to STDERR\n    echo \"error: The sandbox is not in sync with the Podfile.lock. Run 'pod install' or update your CocoaPods installation.\" >&2\n    exit 1\nfi\n# This output is used by Xcode 'outputs' to avoid re-running this script phase.\necho \"SUCCESS\" > \"${SCRIPT_OUTPUT_FILE_0}\"\n";
			showEnvVarsInLog = 0;
		};
		A09A18BC97AFC1B99ED4D84A /* [CP] Check Pods Manifest.lock */ = {
			isa = PBXShellScriptBuildPhase;
			buildActionMask = 2147483647;
			files = (
			);
			inputFileListPaths = (
			);
			inputPaths = (
				"${PODS_PODFILE_DIR_PATH}/Podfile.lock",
				"${PODS_ROOT}/Manifest.lock",
			);
			name = "[CP] Check Pods Manifest.lock";
			outputFileListPaths = (
			);
			outputPaths = (
				"$(DERIVED_FILE_DIR)/Pods-SemContentFilter-checkManifestLockResult.txt",
			);
			runOnlyForDeploymentPostprocessing = 0;
			shellPath = /bin/sh;
			shellScript = "diff \"${PODS_PODFILE_DIR_PATH}/Podfile.lock\" \"${PODS_ROOT}/Manifest.lock\" > /dev/null\nif [ $? != 0 ] ; then\n    # print error to STDERR\n    echo \"error: The sandbox is not in sync with the Podfile.lock. Run 'pod install' or update your CocoaPods installation.\" >&2\n    exit 1\nfi\n# This output is used by Xcode 'outputs' to avoid re-running this script phase.\necho \"SUCCESS\" > \"${SCRIPT_OUTPUT_FILE_0}\"\n";
			showEnvVarsInLog = 0;
		};
		C0FF979F572DAE76D33E461A /* [CP] Check Pods Manifest.lock */ = {
			isa = PBXShellScriptBuildPhase;
			buildActionMask = 2147483647;
			files = (
			);
			inputFileListPaths = (
			);
			inputPaths = (
				"${PODS_PODFILE_DIR_PATH}/Podfile.lock",
				"${PODS_ROOT}/Manifest.lock",
			);
			name = "[CP] Check Pods Manifest.lock";
			outputFileListPaths = (
			);
			outputPaths = (
				"$(DERIVED_FILE_DIR)/Pods-SemanticsTests-checkManifestLockResult.txt",
			);
			runOnlyForDeploymentPostprocessing = 0;
			shellPath = /bin/sh;
			shellScript = "diff \"${PODS_PODFILE_DIR_PATH}/Podfile.lock\" \"${PODS_ROOT}/Manifest.lock\" > /dev/null\nif [ $? != 0 ] ; then\n    # print error to STDERR\n    echo \"error: The sandbox is not in sync with the Podfile.lock. Run 'pod install' or update your CocoaPods installation.\" >&2\n    exit 1\nfi\n# This output is used by Xcode 'outputs' to avoid re-running this script phase.\necho \"SUCCESS\" > \"${SCRIPT_OUTPUT_FILE_0}\"\n";
			showEnvVarsInLog = 0;
		};
/* End PBXShellScriptBuildPhase section */

/* Begin PBXSourcesBuildPhase section */
		896234DA2491F4AE0000ABCD /* Sources */ = {
			isa = PBXSourcesBuildPhase;
			buildActionMask = 2147483647;
			files = (
				896234E12491F4AE0000ABCD /* FilterDataProvider.swift in Sources */,
			);
			runOnlyForDeploymentPostprocessing = 0;
		};
		896234FA24920AE20000ABCD /* Sources */ = {
			isa = PBXSourcesBuildPhase;
			buildActionMask = 2147483647;
			files = (
				8962350124920AE20000ABCD /* FilterControlProvider.swift in Sources */,
			);
			runOnlyForDeploymentPostprocessing = 0;
		};
		8964216D247250590081DC87 /* Sources */ = {
			isa = PBXSourcesBuildPhase;
			buildActionMask = 2147483647;
			files = (
				89B953AC24B8568200472692 /* SemStyle.swift in Sources */,
				89988AE124C2F7EB0005580B /* SectorDataLayer.swift in Sources */,
				89D8F44524754EDB00D12F15 /* HexagonParameters.swift in Sources */,
				89B953AB24B70FCE00472692 /* SemGestureRecognizer.swift in Sources */,
				896344C324A1C5180060160B /* String+.swift in Sources */,
				8962350B24920B110000ABCD /* SemContentFilterVC.swift in Sources */,
				8991DADE24B45BE100299595 /* SearchResultsVC.swift in Sources */,
				89D8F43E24752A9D00D12F15 /* UserData.swift in Sources */,
				896344BB249F36FD0060160B /* CoreDataLayer1.swift in Sources */,
				8968B742247BB66600F746E2 /* TestView.swift in Sources */,
				89D8F44224754E4500D12F15 /* Badge.swift in Sources */,
				89D8F3F72474F1BF00D12F15 /* MapView.swift in Sources */,
				896234C6248F99330000ABCD /* Graphiccontent.swift in Sources */,
				892C6410248A09C600208446 /* SemSetsVC.swift in Sources */,
				89D8F4202475094E00D12F15 /* LandmarkList.swift in Sources */,
				896344B8249DD7F90060160B /* WordsGraphVC.swift in Sources */,
				89D8F4012475050900D12F15 /* Data.swift in Sources */,
				8991DAE124B6F9BD00299595 /* SemTextLayout.swift in Sources */,
				8964219B247250B10081DC87 /* Model.swift in Sources */,
				892C63E02487934300208446 /* SWUISemTextView.swift in Sources */,
				8976AC6B247BFA3700A7AD15 /* KeyboardAdaptive.swift in Sources */,
				892C63D524866A1000208446 /* NSRange+.swift in Sources */,
				89D8F4222475199000D12F15 /* LandmarkDetail.swift in Sources */,
				8911386324C1644A00CBEBB5 /* CGRect+.swift in Sources */,
				892C63DE24867F8700208446 /* SemTextView.swift in Sources */,
				89988ADF24C2D9FE0005580B /* SemSectorsVC.swift in Sources */,
				8964217A247250590081DC87 /* Semantics.xcdatamodeld in Sources */,
				89642175247250590081DC87 /* AppDelegate.swift in Sources */,
				8976AC69247BC7A900A7AD15 /* EclipseCollisionBoundsWrapper.swift in Sources */,
				89988ADD24C2D8FF0005580B /* SemSectorVC.swift in Sources */,
				8964217C247250590081DC87 /* ContentView.swift in Sources */,
				892C6416248E1C1800208446 /* SemSetSubwordVC.swift in Sources */,
				892C6414248CCFE200208446 /* SemSetVC.swift in Sources */,
				896344BD249F570A0060160B /* CoreDataLayer2.swift in Sources */,
				892C63D0248661D100208446 /* SemTextStorage.swift in Sources */,
				89D8F44924755ACB00D12F15 /* BadgeSymbol.swift in Sources */,
				89D8F3FF247504E500D12F15 /* Landmark.swift in Sources */,
				89642177247250590081DC87 /* SceneDelegate.swift in Sources */,
				89C2889324A34308002081FE /* NetworkSpace.swift in Sources */,
				8991DADA24B3513200299595 /* SemFoldersVC.swift in Sources */,
				8911386824C1984C00CBEBB5 /* Theme.swift in Sources */,
				89D8F3FD247504AE00D12F15 /* LandmarkRow.swift in Sources */,
				89D8F3F52474EBA000D12F15 /* CircleImage.swift in Sources */,
				89D8F45124766CD300D12F15 /* TextOnCircle.swift in Sources */,
				892C63E22487BA6500208446 /* NSAttributedString.Key+.swift in Sources */,
				89D8F44B24765A9C00D12F15 /* RotatedBadgeSymbol.swift in Sources */,
				896344C1249F94870060160B /* NSManagedObjectLayer.swift in Sources */,
				896234C8248FA7A20000ABCD /* Concurrency.swift in Sources */,
				89988ADB24C2D3040005580B /* BarrierVC.swift in Sources */,
				892C6418248E589500208446 /* ProfileVC.swift in Sources */,
				892C6412248A0C2100208446 /* UIViewController+.swift in Sources */,
				89D8F44724755A8700D12F15 /* BadgeBackground.swift in Sources */,
				89988AE324C2FD8C0005580B /* OceanLayerDataLayer.swift in Sources */,
				896344BF249F8F240060160B /* TextLoader.swift in Sources */,
				89E93FC42479873D0039935D /* SemSetView.swift in Sources */,
			);
			runOnlyForDeploymentPostprocessing = 0;
		};
		89642186247250660081DC87 /* Sources */ = {
			isa = PBXSourcesBuildPhase;
			buildActionMask = 2147483647;
			files = (
				8964218F247250660081DC87 /* SemanticsTests.swift in Sources */,
			);
			runOnlyForDeploymentPostprocessing = 0;
		};
/* End PBXSourcesBuildPhase section */

/* Begin PBXTargetDependency section */
		896234E52491F4AE0000ABCD /* PBXTargetDependency */ = {
			isa = PBXTargetDependency;
			target = 896234DD2491F4AE0000ABCD /* SemContentFilter */;
			targetProxy = 896234E42491F4AE0000ABCD /* PBXContainerItemProxy */;
		};
		8962350524920AE20000ABCD /* PBXTargetDependency */ = {
			isa = PBXTargetDependency;
			target = 896234FD24920AE20000ABCD /* SemFilterControl */;
			targetProxy = 8962350424920AE20000ABCD /* PBXContainerItemProxy */;
		};
		8964218C247250660081DC87 /* PBXTargetDependency */ = {
			isa = PBXTargetDependency;
			target = 89642170247250590081DC87 /* Semantics */;
			targetProxy = 8964218B247250660081DC87 /* PBXContainerItemProxy */;
		};
/* End PBXTargetDependency section */

/* Begin PBXVariantGroup section */
		89642182247250650081DC87 /* LaunchScreen.storyboard */ = {
			isa = PBXVariantGroup;
			children = (
				89642183247250650081DC87 /* Base */,
			);
			name = LaunchScreen.storyboard;
			sourceTree = "<group>";
		};
/* End PBXVariantGroup section */

/* Begin XCBuildConfiguration section */
		896234E82491F4AE0000ABCD /* Debug */ = {
			isa = XCBuildConfiguration;
			baseConfigurationReference = 719DE19C61E5E26B128592F8 /* Pods-SemContentFilter.debug.xcconfig */;
			buildSettings = {
				CODE_SIGN_ENTITLEMENTS = SemContentFilter/SemContentFilter.entitlements;
				CODE_SIGN_STYLE = Automatic;
				DEVELOPMENT_TEAM = HTG5RPJ6QF;
				INFOPLIST_FILE = SemContentFilter/Info.plist;
				IPHONEOS_DEPLOYMENT_TARGET = 13.5;
				LD_RUNPATH_SEARCH_PATHS = (
					"$(inherited)",
					"@executable_path/Frameworks",
					"@executable_path/../../Frameworks",
				);
				PRODUCT_BUNDLE_IDENTIFIER = ind.sh.paper.Semantics.SemContentFilter;
				PRODUCT_NAME = "$(TARGET_NAME)";
				SKIP_INSTALL = YES;
				SWIFT_VERSION = 5.0;
				TARGETED_DEVICE_FAMILY = "1,2";
			};
			name = Debug;
		};
		896234E92491F4AE0000ABCD /* Release */ = {
			isa = XCBuildConfiguration;
			baseConfigurationReference = 35926C0BAFDDB0FC3DC53E11 /* Pods-SemContentFilter.release.xcconfig */;
			buildSettings = {
				CODE_SIGN_ENTITLEMENTS = SemContentFilter/SemContentFilter.entitlements;
				CODE_SIGN_STYLE = Automatic;
				DEVELOPMENT_TEAM = HTG5RPJ6QF;
				INFOPLIST_FILE = SemContentFilter/Info.plist;
				IPHONEOS_DEPLOYMENT_TARGET = 13.5;
				LD_RUNPATH_SEARCH_PATHS = (
					"$(inherited)",
					"@executable_path/Frameworks",
					"@executable_path/../../Frameworks",
				);
				PRODUCT_BUNDLE_IDENTIFIER = ind.sh.paper.Semantics.SemContentFilter;
				PRODUCT_NAME = "$(TARGET_NAME)";
				SKIP_INSTALL = YES;
				SWIFT_VERSION = 5.0;
				TARGETED_DEVICE_FAMILY = "1,2";
			};
			name = Release;
		};
		8962350824920AE20000ABCD /* Debug */ = {
			isa = XCBuildConfiguration;
			baseConfigurationReference = 1CE70680BC6B643E2B4DF9B0 /* Pods-SemFilterControl.debug.xcconfig */;
			buildSettings = {
				CODE_SIGN_ENTITLEMENTS = SemFilterControl/SemFilterControl.entitlements;
				CODE_SIGN_STYLE = Automatic;
				DEVELOPMENT_TEAM = HTG5RPJ6QF;
				INFOPLIST_FILE = SemFilterControl/Info.plist;
				IPHONEOS_DEPLOYMENT_TARGET = 13.5;
				LD_RUNPATH_SEARCH_PATHS = (
					"$(inherited)",
					"@executable_path/Frameworks",
					"@executable_path/../../Frameworks",
				);
				PRODUCT_BUNDLE_IDENTIFIER = ind.sh.paper.Semantics.SemFilterControl;
				PRODUCT_NAME = "$(TARGET_NAME)";
				SKIP_INSTALL = YES;
				SWIFT_VERSION = 5.0;
				TARGETED_DEVICE_FAMILY = "1,2";
			};
			name = Debug;
		};
		8962350924920AE20000ABCD /* Release */ = {
			isa = XCBuildConfiguration;
			baseConfigurationReference = F22CC5BB9BDF6083EC38BE54 /* Pods-SemFilterControl.release.xcconfig */;
			buildSettings = {
				CODE_SIGN_ENTITLEMENTS = SemFilterControl/SemFilterControl.entitlements;
				CODE_SIGN_STYLE = Automatic;
				DEVELOPMENT_TEAM = HTG5RPJ6QF;
				INFOPLIST_FILE = SemFilterControl/Info.plist;
				IPHONEOS_DEPLOYMENT_TARGET = 13.5;
				LD_RUNPATH_SEARCH_PATHS = (
					"$(inherited)",
					"@executable_path/Frameworks",
					"@executable_path/../../Frameworks",
				);
				PRODUCT_BUNDLE_IDENTIFIER = ind.sh.paper.Semantics.SemFilterControl;
				PRODUCT_NAME = "$(TARGET_NAME)";
				SKIP_INSTALL = YES;
				SWIFT_VERSION = 5.0;
				TARGETED_DEVICE_FAMILY = "1,2";
			};
			name = Release;
		};
		89642191247250660081DC87 /* Debug */ = {
			isa = XCBuildConfiguration;
			buildSettings = {
				ALWAYS_SEARCH_USER_PATHS = NO;
				CLANG_ANALYZER_NONNULL = YES;
				CLANG_ANALYZER_NUMBER_OBJECT_CONVERSION = YES_AGGRESSIVE;
				CLANG_CXX_LANGUAGE_STANDARD = "gnu++14";
				CLANG_CXX_LIBRARY = "libc++";
				CLANG_ENABLE_MODULES = YES;
				CLANG_ENABLE_OBJC_ARC = YES;
				CLANG_ENABLE_OBJC_WEAK = YES;
				CLANG_WARN_BLOCK_CAPTURE_AUTORELEASING = YES;
				CLANG_WARN_BOOL_CONVERSION = YES;
				CLANG_WARN_COMMA = YES;
				CLANG_WARN_CONSTANT_CONVERSION = YES;
				CLANG_WARN_DEPRECATED_OBJC_IMPLEMENTATIONS = YES;
				CLANG_WARN_DIRECT_OBJC_ISA_USAGE = YES_ERROR;
				CLANG_WARN_DOCUMENTATION_COMMENTS = YES;
				CLANG_WARN_EMPTY_BODY = YES;
				CLANG_WARN_ENUM_CONVERSION = YES;
				CLANG_WARN_INFINITE_RECURSION = YES;
				CLANG_WARN_INT_CONVERSION = YES;
				CLANG_WARN_NON_LITERAL_NULL_CONVERSION = YES;
				CLANG_WARN_OBJC_IMPLICIT_RETAIN_SELF = YES;
				CLANG_WARN_OBJC_LITERAL_CONVERSION = YES;
				CLANG_WARN_OBJC_ROOT_CLASS = YES_ERROR;
				CLANG_WARN_RANGE_LOOP_ANALYSIS = YES;
				CLANG_WARN_STRICT_PROTOTYPES = YES;
				CLANG_WARN_SUSPICIOUS_MOVE = YES;
				CLANG_WARN_UNGUARDED_AVAILABILITY = YES_AGGRESSIVE;
				CLANG_WARN_UNREACHABLE_CODE = YES;
				CLANG_WARN__DUPLICATE_METHOD_MATCH = YES;
				COPY_PHASE_STRIP = NO;
				DEBUG_INFORMATION_FORMAT = dwarf;
				ENABLE_STRICT_OBJC_MSGSEND = YES;
				ENABLE_TESTABILITY = YES;
				GCC_C_LANGUAGE_STANDARD = gnu11;
				GCC_DYNAMIC_NO_PIC = NO;
				GCC_NO_COMMON_BLOCKS = YES;
				GCC_OPTIMIZATION_LEVEL = 0;
				GCC_PREPROCESSOR_DEFINITIONS = (
					"DEBUG=1",
					"$(inherited)",
				);
				GCC_WARN_64_TO_32_BIT_CONVERSION = YES;
				GCC_WARN_ABOUT_RETURN_TYPE = YES_ERROR;
				GCC_WARN_UNDECLARED_SELECTOR = YES;
				GCC_WARN_UNINITIALIZED_AUTOS = YES_AGGRESSIVE;
				GCC_WARN_UNUSED_FUNCTION = YES;
				GCC_WARN_UNUSED_VARIABLE = YES;
				IPHONEOS_DEPLOYMENT_TARGET = 13.4;
				MTL_ENABLE_DEBUG_INFO = INCLUDE_SOURCE;
				MTL_FAST_MATH = YES;
				ONLY_ACTIVE_ARCH = YES;
				SDKROOT = iphoneos;
				SWIFT_ACTIVE_COMPILATION_CONDITIONS = DEBUG;
				SWIFT_OPTIMIZATION_LEVEL = "-Onone";
			};
			name = Debug;
		};
		89642192247250660081DC87 /* Release */ = {
			isa = XCBuildConfiguration;
			buildSettings = {
				ALWAYS_SEARCH_USER_PATHS = NO;
				CLANG_ANALYZER_NONNULL = YES;
				CLANG_ANALYZER_NUMBER_OBJECT_CONVERSION = YES_AGGRESSIVE;
				CLANG_CXX_LANGUAGE_STANDARD = "gnu++14";
				CLANG_CXX_LIBRARY = "libc++";
				CLANG_ENABLE_MODULES = YES;
				CLANG_ENABLE_OBJC_ARC = YES;
				CLANG_ENABLE_OBJC_WEAK = YES;
				CLANG_WARN_BLOCK_CAPTURE_AUTORELEASING = YES;
				CLANG_WARN_BOOL_CONVERSION = YES;
				CLANG_WARN_COMMA = YES;
				CLANG_WARN_CONSTANT_CONVERSION = YES;
				CLANG_WARN_DEPRECATED_OBJC_IMPLEMENTATIONS = YES;
				CLANG_WARN_DIRECT_OBJC_ISA_USAGE = YES_ERROR;
				CLANG_WARN_DOCUMENTATION_COMMENTS = YES;
				CLANG_WARN_EMPTY_BODY = YES;
				CLANG_WARN_ENUM_CONVERSION = YES;
				CLANG_WARN_INFINITE_RECURSION = YES;
				CLANG_WARN_INT_CONVERSION = YES;
				CLANG_WARN_NON_LITERAL_NULL_CONVERSION = YES;
				CLANG_WARN_OBJC_IMPLICIT_RETAIN_SELF = YES;
				CLANG_WARN_OBJC_LITERAL_CONVERSION = YES;
				CLANG_WARN_OBJC_ROOT_CLASS = YES_ERROR;
				CLANG_WARN_RANGE_LOOP_ANALYSIS = YES;
				CLANG_WARN_STRICT_PROTOTYPES = YES;
				CLANG_WARN_SUSPICIOUS_MOVE = YES;
				CLANG_WARN_UNGUARDED_AVAILABILITY = YES_AGGRESSIVE;
				CLANG_WARN_UNREACHABLE_CODE = YES;
				CLANG_WARN__DUPLICATE_METHOD_MATCH = YES;
				COPY_PHASE_STRIP = NO;
				DEBUG_INFORMATION_FORMAT = "dwarf-with-dsym";
				ENABLE_NS_ASSERTIONS = NO;
				ENABLE_STRICT_OBJC_MSGSEND = YES;
				GCC_C_LANGUAGE_STANDARD = gnu11;
				GCC_NO_COMMON_BLOCKS = YES;
				GCC_WARN_64_TO_32_BIT_CONVERSION = YES;
				GCC_WARN_ABOUT_RETURN_TYPE = YES_ERROR;
				GCC_WARN_UNDECLARED_SELECTOR = YES;
				GCC_WARN_UNINITIALIZED_AUTOS = YES_AGGRESSIVE;
				GCC_WARN_UNUSED_FUNCTION = YES;
				GCC_WARN_UNUSED_VARIABLE = YES;
				IPHONEOS_DEPLOYMENT_TARGET = 13.4;
				MTL_ENABLE_DEBUG_INFO = NO;
				MTL_FAST_MATH = YES;
				SDKROOT = iphoneos;
				SWIFT_COMPILATION_MODE = wholemodule;
				SWIFT_OPTIMIZATION_LEVEL = "-O";
				VALIDATE_PRODUCT = YES;
			};
			name = Release;
		};
		89642194247250660081DC87 /* Debug */ = {
			isa = XCBuildConfiguration;
			baseConfigurationReference = E25A4D2618E8026B68BDBF2A /* Pods-Semantics.debug.xcconfig */;
			buildSettings = {
				ALWAYS_EMBED_SWIFT_STANDARD_LIBRARIES = YES;
				ASSETCATALOG_COMPILER_APPICON_NAME = AppIcon;
				CODE_SIGN_ENTITLEMENTS = Semantics/Semantics.entitlements;
				CODE_SIGN_STYLE = Automatic;
				DEVELOPMENT_ASSET_PATHS = "\"Semantics/Preview Content\"";
				DEVELOPMENT_TEAM = HTG5RPJ6QF;
				ENABLE_PREVIEWS = YES;
				INFOPLIST_FILE = Configs/Info.plist;
				IPHONEOS_DEPLOYMENT_TARGET = 13.0;
				LD_RUNPATH_SEARCH_PATHS = (
					"$(inherited)",
					"@executable_path/Frameworks",
				);
				PRODUCT_BUNDLE_IDENTIFIER = ind.sh.paper.Semantics.1;
				PRODUCT_NAME = "$(TARGET_NAME)";
				SWIFT_VERSION = 5.0;
				TARGETED_DEVICE_FAMILY = 1;
			};
			name = Debug;
		};
		89642195247250660081DC87 /* Release */ = {
			isa = XCBuildConfiguration;
			baseConfigurationReference = 22C4430679667F50967D6200 /* Pods-Semantics.release.xcconfig */;
			buildSettings = {
				ALWAYS_EMBED_SWIFT_STANDARD_LIBRARIES = YES;
				ASSETCATALOG_COMPILER_APPICON_NAME = AppIcon;
				CODE_SIGN_ENTITLEMENTS = Semantics/Semantics.entitlements;
				CODE_SIGN_STYLE = Automatic;
				DEVELOPMENT_ASSET_PATHS = "\"Semantics/Preview Content\"";
				DEVELOPMENT_TEAM = HTG5RPJ6QF;
				ENABLE_PREVIEWS = YES;
				INFOPLIST_FILE = Configs/Info.plist;
				IPHONEOS_DEPLOYMENT_TARGET = 13.0;
				LD_RUNPATH_SEARCH_PATHS = (
					"$(inherited)",
					"@executable_path/Frameworks",
				);
				PRODUCT_BUNDLE_IDENTIFIER = ind.sh.paper.Semantics.1;
				PRODUCT_NAME = "$(TARGET_NAME)";
				SWIFT_VERSION = 5.0;
				TARGETED_DEVICE_FAMILY = 1;
			};
			name = Release;
		};
		89642197247250660081DC87 /* Debug */ = {
			isa = XCBuildConfiguration;
			baseConfigurationReference = C7D5A0AE45A410A2DD4DA81F /* Pods-SemanticsTests.debug.xcconfig */;
			buildSettings = {
				ALWAYS_EMBED_SWIFT_STANDARD_LIBRARIES = YES;
				BUNDLE_LOADER = "$(TEST_HOST)";
				CODE_SIGN_STYLE = Automatic;
				DEVELOPMENT_TEAM = HTG5RPJ6QF;
				INFOPLIST_FILE = SemanticsTests/Info.plist;
				IPHONEOS_DEPLOYMENT_TARGET = 13.4;
				LD_RUNPATH_SEARCH_PATHS = (
					"$(inherited)",
					"@executable_path/Frameworks",
					"@loader_path/Frameworks",
				);
				PRODUCT_BUNDLE_IDENTIFIER = ind.sh.paper.SemanticsTests;
				PRODUCT_NAME = "$(TARGET_NAME)";
				SWIFT_VERSION = 5.0;
				TARGETED_DEVICE_FAMILY = "1,2";
				TEST_HOST = "$(BUILT_PRODUCTS_DIR)/Semantics.app/Semantics";
			};
			name = Debug;
		};
		89642198247250660081DC87 /* Release */ = {
			isa = XCBuildConfiguration;
			baseConfigurationReference = FD10EEC6AA9527A4BDE58F9C /* Pods-SemanticsTests.release.xcconfig */;
			buildSettings = {
				ALWAYS_EMBED_SWIFT_STANDARD_LIBRARIES = YES;
				BUNDLE_LOADER = "$(TEST_HOST)";
				CODE_SIGN_STYLE = Automatic;
				DEVELOPMENT_TEAM = HTG5RPJ6QF;
				INFOPLIST_FILE = SemanticsTests/Info.plist;
				IPHONEOS_DEPLOYMENT_TARGET = 13.4;
				LD_RUNPATH_SEARCH_PATHS = (
					"$(inherited)",
					"@executable_path/Frameworks",
					"@loader_path/Frameworks",
				);
				PRODUCT_BUNDLE_IDENTIFIER = ind.sh.paper.SemanticsTests;
				PRODUCT_NAME = "$(TARGET_NAME)";
				SWIFT_VERSION = 5.0;
				TARGETED_DEVICE_FAMILY = "1,2";
				TEST_HOST = "$(BUILT_PRODUCTS_DIR)/Semantics.app/Semantics";
			};
			name = Release;
		};
/* End XCBuildConfiguration section */

/* Begin XCConfigurationList section */
		896234E72491F4AE0000ABCD /* Build configuration list for PBXNativeTarget "SemContentFilter" */ = {
			isa = XCConfigurationList;
			buildConfigurations = (
				896234E82491F4AE0000ABCD /* Debug */,
				896234E92491F4AE0000ABCD /* Release */,
			);
			defaultConfigurationIsVisible = 0;
			defaultConfigurationName = Release;
		};
		8962350724920AE20000ABCD /* Build configuration list for PBXNativeTarget "SemFilterControl" */ = {
			isa = XCConfigurationList;
			buildConfigurations = (
				8962350824920AE20000ABCD /* Debug */,
				8962350924920AE20000ABCD /* Release */,
			);
			defaultConfigurationIsVisible = 0;
			defaultConfigurationName = Release;
		};
		8964216C247250590081DC87 /* Build configuration list for PBXProject "Semantics" */ = {
			isa = XCConfigurationList;
			buildConfigurations = (
				89642191247250660081DC87 /* Debug */,
				89642192247250660081DC87 /* Release */,
			);
			defaultConfigurationIsVisible = 0;
			defaultConfigurationName = Release;
		};
		89642193247250660081DC87 /* Build configuration list for PBXNativeTarget "Semantics" */ = {
			isa = XCConfigurationList;
			buildConfigurations = (
				89642194247250660081DC87 /* Debug */,
				89642195247250660081DC87 /* Release */,
			);
			defaultConfigurationIsVisible = 0;
			defaultConfigurationName = Release;
		};
		89642196247250660081DC87 /* Build configuration list for PBXNativeTarget "SemanticsTests" */ = {
			isa = XCConfigurationList;
			buildConfigurations = (
				89642197247250660081DC87 /* Debug */,
				89642198247250660081DC87 /* Release */,
			);
			defaultConfigurationIsVisible = 0;
			defaultConfigurationName = Release;
		};
/* End XCConfigurationList section */

/* Begin XCRemoteSwiftPackageReference section */
		8911386424C1672000CBEBB5 /* XCRemoteSwiftPackageReference "SwifterSwift" */ = {
			isa = XCRemoteSwiftPackageReference;
			repositoryURL = "https://github.com/SwifterSwift/SwifterSwift.git";
			requirement = {
				kind = upToNextMajorVersion;
				minimumVersion = 5.2.0;
			};
		};
		896344B024936E210060160B /* XCRemoteSwiftPackageReference "Kingfisher" */ = {
			isa = XCRemoteSwiftPackageReference;
			repositoryURL = "https://github.com/onevcat/Kingfisher.git";
			requirement = {
				kind = upToNextMajorVersion;
				minimumVersion = 5.14.0;
			};
		};
		89C28CFC24ADC22E002081FE /* XCRemoteSwiftPackageReference "SwiftHEXColors" */ = {
			isa = XCRemoteSwiftPackageReference;
			repositoryURL = "https://github.com/thii/SwiftHEXColors.git";
			requirement = {
				kind = upToNextMajorVersion;
				minimumVersion = 1.4.0;
			};
		};
/* End XCRemoteSwiftPackageReference section */

/* Begin XCSwiftPackageProductDependency section */
		8911386524C1672000CBEBB5 /* SwifterSwift */ = {
			isa = XCSwiftPackageProductDependency;
			package = 8911386424C1672000CBEBB5 /* XCRemoteSwiftPackageReference "SwifterSwift" */;
			productName = SwifterSwift;
		};
		896344B124936E210060160B /* Kingfisher */ = {
			isa = XCSwiftPackageProductDependency;
			package = 896344B024936E210060160B /* XCRemoteSwiftPackageReference "Kingfisher" */;
			productName = Kingfisher;
		};
		896344B324936E210060160B /* KingfisherSwiftUI */ = {
			isa = XCSwiftPackageProductDependency;
			package = 896344B024936E210060160B /* XCRemoteSwiftPackageReference "Kingfisher" */;
			productName = KingfisherSwiftUI;
		};
		89C28CFD24ADC22E002081FE /* SwiftHEXColors */ = {
			isa = XCSwiftPackageProductDependency;
			package = 89C28CFC24ADC22E002081FE /* XCRemoteSwiftPackageReference "SwiftHEXColors" */;
			productName = SwiftHEXColors;
		};
/* End XCSwiftPackageProductDependency section */

/* Begin XCVersionGroup section */
		89642178247250590081DC87 /* Semantics.xcdatamodeld */ = {
			isa = XCVersionGroup;
			children = (
				89642179247250590081DC87 /* Semantics.xcdatamodel */,
			);
			currentVersion = 89642179247250590081DC87 /* Semantics.xcdatamodel */;
			path = Semantics.xcdatamodeld;
			sourceTree = "<group>";
			versionGroupType = wrapper.xcdatamodel;
		};
/* End XCVersionGroup section */
	};
	rootObject = 89642169247250590081DC87 /* Project object */;
}
