// !$*UTF8*$!
{
	archiveVersion = 1;
	classes = {
	};
	objectVersion = 52;
	objects = {

/* Begin PBXBuildFile section */
		0B90FE90F55ECAC3B9ABE61B /* Pods_SemanticsTests.framework in Frameworks */ = {isa = PBXBuildFile; fileRef = 8F372B7B3F145196D23CE67D /* Pods_SemanticsTests.framework */; };
		66A40F737D45F299B37EE8AE /* Pods_Semantics.framework in Frameworks */ = {isa = PBXBuildFile; fileRef = 56EB719F7E1C826A797E1EF6 /* Pods_Semantics.framework */; };
		8911386324C1644A00CBEBB5 /* CGRect+.swift in Sources */ = {isa = PBXBuildFile; fileRef = 8911386224C1644A00CBEBB5 /* CGRect+.swift */; };
		8911386624C1672000CBEBB5 /* SwifterSwift in Frameworks */ = {isa = PBXBuildFile; productRef = 8911386524C1672000CBEBB5 /* SwifterSwift */; };
		8911386824C1984C00CBEBB5 /* Theme.swift in Sources */ = {isa = PBXBuildFile; fileRef = 8911386724C1984C00CBEBB5 /* Theme.swift */; };
		89290D4624E10D4E00F0A862 /* SemWorldDataLayer.swift in Sources */ = {isa = PBXBuildFile; fileRef = 89290D4524E10D4E00F0A862 /* SemWorldDataLayer.swift */; };
		89290D4824E13B5600F0A862 /* apple-app-site-association in Resources */ = {isa = PBXBuildFile; fileRef = 89290D4724E13B5600F0A862 /* apple-app-site-association */; };
		89290D4B24E17E0400F0A862 /* SemWorld.xcdatamodeld in Sources */ = {isa = PBXBuildFile; fileRef = 89290D4924E17E0400F0A862 /* SemWorld.xcdatamodeld */; };
		89290D4D24E185CA00F0A862 /* RealmObjs.swift in Sources */ = {isa = PBXBuildFile; fileRef = 89290D4C24E185CA00F0A862 /* RealmObjs.swift */; };
		89290D5024E2A71900F0A862 /* LoginVC.swift in Sources */ = {isa = PBXBuildFile; fileRef = 89290D4F24E2A71900F0A862 /* LoginVC.swift */; };
		89290D5224E2ADCB00F0A862 /* KeychainItem.swift in Sources */ = {isa = PBXBuildFile; fileRef = 89290D5124E2ADCB00F0A862 /* KeychainItem.swift */; };
		89290D5924E3D62100F0A862 /* RealmSpace.swift in Sources */ = {isa = PBXBuildFile; fileRef = 89290D5824E3D62100F0A862 /* RealmSpace.swift */; };
		89290D5D24E403F900F0A862 /* AccountSysCommunication.swift in Sources */ = {isa = PBXBuildFile; fileRef = 89290D5C24E403F900F0A862 /* AccountSysCommunication.swift */; };
		89290D5F24E42B3E00F0A862 /* PanelContentVC.swift in Sources */ = {isa = PBXBuildFile; fileRef = 89290D5E24E42B3E00F0A862 /* PanelContentVC.swift */; };
		89290D6124E44CFA00F0A862 /* UIFont+.swift in Sources */ = {isa = PBXBuildFile; fileRef = 89290D6024E44CFA00F0A862 /* UIFont+.swift */; };
		89290D6324E4E02F00F0A862 /* UILabel+.swift in Sources */ = {isa = PBXBuildFile; fileRef = 89290D6224E4E02F00F0A862 /* UILabel+.swift */; };
		89290D6724E52F1C00F0A862 /* MapVM.swift in Sources */ = {isa = PBXBuildFile; fileRef = 89290D6624E52F1C00F0A862 /* MapVM.swift */; };
		89290D6924E52F4600F0A862 /* ConditionsVM.swift in Sources */ = {isa = PBXBuildFile; fileRef = 89290D6824E52F4600F0A862 /* ConditionsVM.swift */; };
		89290D6C24E5313B00F0A862 /* SearchSuggestionsVC.swift in Sources */ = {isa = PBXBuildFile; fileRef = 89290D6B24E5313B00F0A862 /* SearchSuggestionsVC.swift */; };
		892C63D0248661D100208446 /* SemTextStorage.swift in Sources */ = {isa = PBXBuildFile; fileRef = 892C63CF248661D100208446 /* SemTextStorage.swift */; };
		892C63D524866A1000208446 /* NSRange+.swift in Sources */ = {isa = PBXBuildFile; fileRef = 892C63D424866A1000208446 /* NSRange+.swift */; };
		892C63DE24867F8700208446 /* SemTextView.swift in Sources */ = {isa = PBXBuildFile; fileRef = 892C63DD24867F8700208446 /* SemTextView.swift */; };
		892C63E22487BA6500208446 /* NSAttributedString.Key+.swift in Sources */ = {isa = PBXBuildFile; fileRef = 892C63E12487BA6500208446 /* NSAttributedString.Key+.swift */; };
		892C6410248A09C600208446 /* OceanLayerVC.swift in Sources */ = {isa = PBXBuildFile; fileRef = 892C640F248A09C600208446 /* OceanLayerVC.swift */; };
		892C6412248A0C2100208446 /* UIViewController+.swift in Sources */ = {isa = PBXBuildFile; fileRef = 892C6411248A0C2100208446 /* UIViewController+.swift */; };
		892C6414248CCFE200208446 /* WordVC.swift in Sources */ = {isa = PBXBuildFile; fileRef = 892C6413248CCFE200208446 /* WordVC.swift */; };
		892C6416248E1C1800208446 /* SubwordVC.swift in Sources */ = {isa = PBXBuildFile; fileRef = 892C6415248E1C1800208446 /* SubwordVC.swift */; };
		894517BB24E91C2B006EF619 /* Environment.swift in Sources */ = {isa = PBXBuildFile; fileRef = 894517BA24E91C2B006EF619 /* Environment.swift */; };
		894517BD24E92A0D006EF619 /* MapSysCommunication.swift in Sources */ = {isa = PBXBuildFile; fileRef = 894517BC24E92A0D006EF619 /* MapSysCommunication.swift */; };
		895A4E2624EC36970025ED20 /* PlaceVC.swift in Sources */ = {isa = PBXBuildFile; fileRef = 895A4E2524EC36960025ED20 /* PlaceVC.swift */; };
		895A4E2824EC383C0025ED20 /* SearchVC.swift in Sources */ = {isa = PBXBuildFile; fileRef = 895A4E2724EC383C0025ED20 /* SearchVC.swift */; };
		895A4E2A24ED14AF0025ED20 /* CLLocationCoordinate2D+.swift in Sources */ = {isa = PBXBuildFile; fileRef = 895A4E2924ED14AF0025ED20 /* CLLocationCoordinate2D+.swift */; };
		895A4E2C24ED9F4A0025ED20 /* PlaceVM.swift in Sources */ = {isa = PBXBuildFile; fileRef = 895A4E2B24ED9F4A0025ED20 /* PlaceVM.swift */; };
		895A4E2E24EDA4550025ED20 /* UniquePlace.swift in Sources */ = {isa = PBXBuildFile; fileRef = 895A4E2D24EDA4550025ED20 /* UniquePlace.swift */; };
		896234C6248F99330000ABCD /* Graphiccontent.swift in Sources */ = {isa = PBXBuildFile; fileRef = 896234C5248F99330000ABCD /* Graphiccontent.swift */; };
		896234C8248FA7A20000ABCD /* Concurrency.swift in Sources */ = {isa = PBXBuildFile; fileRef = 896234C7248FA7A20000ABCD /* Concurrency.swift */; };
		8962350D24920CF40000ABCD /* NetworkExtension.framework in Frameworks */ = {isa = PBXBuildFile; fileRef = 8962350C24920CF40000ABCD /* NetworkExtension.framework */; };
		896344B224936E210060160B /* Kingfisher in Frameworks */ = {isa = PBXBuildFile; productRef = 896344B124936E210060160B /* Kingfisher */; };
		896344B424936E210060160B /* KingfisherSwiftUI in Frameworks */ = {isa = PBXBuildFile; productRef = 896344B324936E210060160B /* KingfisherSwiftUI */; };
		896344B8249DD7F90060160B /* WordsGraphVC.swift in Sources */ = {isa = PBXBuildFile; fileRef = 896344B7249DD7F90060160B /* WordsGraphVC.swift */; };
		896344BB249F36FD0060160B /* CoreDataLayer1.swift in Sources */ = {isa = PBXBuildFile; fileRef = 896344BA249F36FD0060160B /* CoreDataLayer1.swift */; };
		896344BD249F570A0060160B /* CoreDataLayer2.swift in Sources */ = {isa = PBXBuildFile; fileRef = 896344BC249F570A0060160B /* CoreDataLayer2.swift */; };
		896344BF249F8F240060160B /* TextLoader.swift in Sources */ = {isa = PBXBuildFile; fileRef = 896344BE249F8F240060160B /* TextLoader.swift */; };
		896344C1249F94870060160B /* NSManagedObjectLayer.swift in Sources */ = {isa = PBXBuildFile; fileRef = 896344C0249F94870060160B /* NSManagedObjectLayer.swift */; };
		896344C324A1C5180060160B /* String+.swift in Sources */ = {isa = PBXBuildFile; fileRef = 896344C224A1C5180060160B /* String+.swift */; };
		89642175247250590081DC87 /* AppDelegate.swift in Sources */ = {isa = PBXBuildFile; fileRef = 89642174247250590081DC87 /* AppDelegate.swift */; };
		89642177247250590081DC87 /* SceneDelegate.swift in Sources */ = {isa = PBXBuildFile; fileRef = 89642176247250590081DC87 /* SceneDelegate.swift */; };
		8964217A247250590081DC87 /* Semantics.xcdatamodeld in Sources */ = {isa = PBXBuildFile; fileRef = 89642178247250590081DC87 /* Semantics.xcdatamodeld */; };
		8964217E247250650081DC87 /* Assets.xcassets in Resources */ = {isa = PBXBuildFile; fileRef = 8964217D247250650081DC87 /* Assets.xcassets */; };
		89642181247250650081DC87 /* Preview Assets.xcassets in Resources */ = {isa = PBXBuildFile; fileRef = 89642180247250650081DC87 /* Preview Assets.xcassets */; };
		89642184247250650081DC87 /* LaunchScreen.storyboard in Resources */ = {isa = PBXBuildFile; fileRef = 89642182247250650081DC87 /* LaunchScreen.storyboard */; };
		8964218F247250660081DC87 /* SemanticsTests.swift in Sources */ = {isa = PBXBuildFile; fileRef = 8964218E247250660081DC87 /* SemanticsTests.swift */; };
		8964219F2472BF4D0081DC87 /* CloudKit.framework in Frameworks */ = {isa = PBXBuildFile; fileRef = 8964219E2472BF4C0081DC87 /* CloudKit.framework */; };
		8968C08324DF087A0093CBFC /* FloatingPanel in Frameworks */ = {isa = PBXBuildFile; productRef = 8968C08224DF087A0093CBFC /* FloatingPanel */; };
		8968C08524DF09A70093CBFC /* ConditionsVC.swift in Sources */ = {isa = PBXBuildFile; fileRef = 8968C08424DF09A70093CBFC /* ConditionsVC.swift */; };
		8968C08724DFDC340093CBFC /* ConditionCell.swift in Sources */ = {isa = PBXBuildFile; fileRef = 8968C08624DFDC340093CBFC /* ConditionCell.swift */; };
		8968C08924E0024A0093CBFC /* LabelSupplementaryView.swift in Sources */ = {isa = PBXBuildFile; fileRef = 8968C08824E0024A0093CBFC /* LabelSupplementaryView.swift */; };
		8976AC69247BC7A900A7AD15 /* EclipseCollisionBoundsWrapper.swift in Sources */ = {isa = PBXBuildFile; fileRef = 8976AC68247BC7A900A7AD15 /* EclipseCollisionBoundsWrapper.swift */; };
		8976AC6B247BFA3700A7AD15 /* KeyboardAdaptive.swift in Sources */ = {isa = PBXBuildFile; fileRef = 8976AC6A247BFA3700A7AD15 /* KeyboardAdaptive.swift */; };
		8989C5BD24E5C84600FA3FAE /* ConditionFeedbackVC.swift in Sources */ = {isa = PBXBuildFile; fileRef = 8989C5BC24E5C84600FA3FAE /* ConditionFeedbackVC.swift */; };
		8989C5BF24E673AC00FA3FAE /* ConditionFeedbackVM.swift in Sources */ = {isa = PBXBuildFile; fileRef = 8989C5BE24E673AC00FA3FAE /* ConditionFeedbackVM.swift */; };
		8989C5C124E6CE3D00FA3FAE /* FeedbackVC.swift in Sources */ = {isa = PBXBuildFile; fileRef = 8989C5C024E6CE3D00FA3FAE /* FeedbackVC.swift */; };
		8989C5C324E6CEF500FA3FAE /* FeedbackVM.swift in Sources */ = {isa = PBXBuildFile; fileRef = 8989C5C224E6CEF500FA3FAE /* FeedbackVM.swift */; };
		8991DADA24B3513200299595 /* SemFoldersVC.swift in Sources */ = {isa = PBXBuildFile; fileRef = 8991DAD924B3513200299595 /* SemFoldersVC.swift */; };
		8991DADE24B45BE100299595 /* SearchResultsVC.swift in Sources */ = {isa = PBXBuildFile; fileRef = 8991DADD24B45BE100299595 /* SearchResultsVC.swift */; };
		8991DAE124B6F9BD00299595 /* SemTextLayout.swift in Sources */ = {isa = PBXBuildFile; fileRef = 8991DAE024B6F9BD00299595 /* SemTextLayout.swift */; };
		89988ADB24C2D3040005580B /* BarrierVC.swift in Sources */ = {isa = PBXBuildFile; fileRef = 89988ADA24C2D3040005580B /* BarrierVC.swift */; };
		89988ADD24C2D8FF0005580B /* SemSectorVC.swift in Sources */ = {isa = PBXBuildFile; fileRef = 89988ADC24C2D8FF0005580B /* SemSectorVC.swift */; };
		89988ADF24C2D9FE0005580B /* SemSectorsVC.swift in Sources */ = {isa = PBXBuildFile; fileRef = 89988ADE24C2D9FE0005580B /* SemSectorsVC.swift */; };
		89988AE124C2F7EB0005580B /* SectorDataLayer.swift in Sources */ = {isa = PBXBuildFile; fileRef = 89988AE024C2F7EB0005580B /* SectorDataLayer.swift */; };
		89988AE324C2FD8C0005580B /* OceanLayerDataLayer.swift in Sources */ = {isa = PBXBuildFile; fileRef = 89988AE224C2FD8C0005580B /* OceanLayerDataLayer.swift */; };
		899AE17124DAA14200C0EB17 /* HandleCloudKitError.swift in Sources */ = {isa = PBXBuildFile; fileRef = 899AE16E24DAA14200C0EB17 /* HandleCloudKitError.swift */; };
		899AE17224DAA14200C0EB17 /* CKDatabase+CloudKitShare.swift in Sources */ = {isa = PBXBuildFile; fileRef = 899AE16F24DAA14200C0EB17 /* CKDatabase+CloudKitShare.swift */; };
		899AE17324DAA14200C0EB17 /* CKContainer+CloudKitShare.swift in Sources */ = {isa = PBXBuildFile; fileRef = 899AE17024DAA14200C0EB17 /* CKContainer+CloudKitShare.swift */; };
		899AE17624DAB9D700C0EB17 /* CloudSync.swift in Sources */ = {isa = PBXBuildFile; fileRef = 899AE17524DAB9D700C0EB17 /* CloudSync.swift */; };
		899AE17924DABA8C00C0EB17 /* Files.swift in Sources */ = {isa = PBXBuildFile; fileRef = 899AE17824DABA8C00C0EB17 /* Files.swift */; };
		899AE17B24DAC2F000C0EB17 /* Bundle.swift in Sources */ = {isa = PBXBuildFile; fileRef = 899AE17A24DAC2F000C0EB17 /* Bundle.swift */; };
		899AE18024DACAF100C0EB17 /* CoreDataSpace.swift in Sources */ = {isa = PBXBuildFile; fileRef = 899AE17F24DACAF100C0EB17 /* CoreDataSpace.swift */; };
		899AE18324DAD5A800C0EB17 /* CloudKitSpace.swift in Sources */ = {isa = PBXBuildFile; fileRef = 899AE18224DAD5A800C0EB17 /* CloudKitSpace.swift */; };
		899AE18624DC255D00C0EB17 /* MapVC.swift in Sources */ = {isa = PBXBuildFile; fileRef = 899AE18524DC255D00C0EB17 /* MapVC.swift */; };
		899AE18824DD622700C0EB17 /* SemAnnotation.swift in Sources */ = {isa = PBXBuildFile; fileRef = 899AE18724DD622700C0EB17 /* SemAnnotation.swift */; };
		899C247224C9BCEF00F8259B /* OrganVC.swift in Sources */ = {isa = PBXBuildFile; fileRef = 899C247124C9BCEF00F8259B /* OrganVC.swift */; };
		899C247424C9C57300F8259B /* WordsVC.swift in Sources */ = {isa = PBXBuildFile; fileRef = 899C247324C9C57300F8259B /* WordsVC.swift */; };
		899C247624C9CAE100F8259B /* Sector+.swift in Sources */ = {isa = PBXBuildFile; fileRef = 899C247524C9CAE100F8259B /* Sector+.swift */; };
		89A413D024C567E0003FD435 /* OneFingerTableView.swift in Sources */ = {isa = PBXBuildFile; fileRef = 89A413CF24C567E0003FD435 /* OneFingerTableView.swift */; };
		89A413D224C56E0B003FD435 /* OceanLayer+.swift in Sources */ = {isa = PBXBuildFile; fileRef = 89A413D124C56E0B003FD435 /* OceanLayer+.swift */; };
		89A413D424C57215003FD435 /* Word+.swift in Sources */ = {isa = PBXBuildFile; fileRef = 89A413D324C57215003FD435 /* Word+.swift */; };
		89A413D724C6F041003FD435 /* Bubble.swift in Sources */ = {isa = PBXBuildFile; fileRef = 89A413D624C6F041003FD435 /* Bubble.swift */; };
		89A413DB24C6F19F003FD435 /* TestVC.swift in Sources */ = {isa = PBXBuildFile; fileRef = 89A413DA24C6F19F003FD435 /* TestVC.swift */; };
		89A413DC24C6F201003FD435 /* TestVC.swift in Sources */ = {isa = PBXBuildFile; fileRef = 89A413DA24C6F19F003FD435 /* TestVC.swift */; };
		89A413E024C70AEB003FD435 /* Creature.swift in Sources */ = {isa = PBXBuildFile; fileRef = 89A413DF24C70AEB003FD435 /* Creature.swift */; };
		89A4719124D59F0700874BA1 /* WordVC1.swift in Sources */ = {isa = PBXBuildFile; fileRef = 89A4719024D59F0700874BA1 /* WordVC1.swift */; };
		89A666D124D6BC4500851EDF /* WordVM.swift in Sources */ = {isa = PBXBuildFile; fileRef = 89A666D024D6BC4500851EDF /* WordVM.swift */; };
		89A666D324D6BFF900851EDF /* Schema.swift in Sources */ = {isa = PBXBuildFile; fileRef = 89A666D224D6BFF900851EDF /* Schema.swift */; };
		89A666D524D6CA8100851EDF /* StringArrayToDataTransformer.swift in Sources */ = {isa = PBXBuildFile; fileRef = 89A666D424D6CA8100851EDF /* StringArrayToDataTransformer.swift */; };
		89A666D724D6EEE100851EDF /* FloatingContainerVC.swift in Sources */ = {isa = PBXBuildFile; fileRef = 89A666D624D6EEE100851EDF /* FloatingContainerVC.swift */; };
		89A666DB24D847EB00851EDF /* UIButton+.swift in Sources */ = {isa = PBXBuildFile; fileRef = 89A666DA24D847EB00851EDF /* UIButton+.swift */; };
		89A666DE24D94EDA00851EDF /* NSNotification+.swift in Sources */ = {isa = PBXBuildFile; fileRef = 89A666DD24D94EDA00851EDF /* NSNotification+.swift */; };
		89A666E024D9928800851EDF /* CommunityVC.swift in Sources */ = {isa = PBXBuildFile; fileRef = 89A666DF24D9928800851EDF /* CommunityVC.swift */; };
		89A666E224D9934700851EDF /* CommunityVM.swift in Sources */ = {isa = PBXBuildFile; fileRef = 89A666E124D9934700851EDF /* CommunityVM.swift */; };
		89B953AB24B70FCE00472692 /* SemGestureRecognizer.swift in Sources */ = {isa = PBXBuildFile; fileRef = 89B953AA24B70FCE00472692 /* SemGestureRecognizer.swift */; };
		89B953AC24B8568200472692 /* SemStyle.swift in Sources */ = {isa = PBXBuildFile; fileRef = 892C63D12486630900208446 /* SemStyle.swift */; };
		89C2889324A34308002081FE /* NetworkSpace.swift in Sources */ = {isa = PBXBuildFile; fileRef = 89C2889224A34308002081FE /* NetworkSpace.swift */; };
		89C28CFE24ADC22E002081FE /* SwiftHEXColors in Frameworks */ = {isa = PBXBuildFile; productRef = 89C28CFD24ADC22E002081FE /* SwiftHEXColors */; };
/* End PBXBuildFile section */

/* Begin PBXContainerItemProxy section */
		8964218B247250660081DC87 /* PBXContainerItemProxy */ = {
			isa = PBXContainerItemProxy;
			containerPortal = 89642169247250590081DC87 /* Project object */;
			proxyType = 1;
			remoteGlobalIDString = 89642170247250590081DC87;
			remoteInfo = Semantics;
		};
/* End PBXContainerItemProxy section */

/* Begin PBXCopyFilesBuildPhase section */
		896234D92491F3650000ABCD /* Embed App Extensions */ = {
			isa = PBXCopyFilesBuildPhase;
			buildActionMask = 2147483647;
			dstPath = "";
			dstSubfolderSpec = 13;
			files = (
			);
			name = "Embed App Extensions";
			runOnlyForDeploymentPostprocessing = 0;
		};
/* End PBXCopyFilesBuildPhase section */

/* Begin PBXFileReference section */
		1CE70680BC6B643E2B4DF9B0 /* Pods-SemFilterControl.debug.xcconfig */ = {isa = PBXFileReference; includeInIndex = 1; lastKnownFileType = text.xcconfig; name = "Pods-SemFilterControl.debug.xcconfig"; path = "Target Support Files/Pods-SemFilterControl/Pods-SemFilterControl.debug.xcconfig"; sourceTree = "<group>"; };
		22C4430679667F50967D6200 /* Pods-Semantics.release.xcconfig */ = {isa = PBXFileReference; includeInIndex = 1; lastKnownFileType = text.xcconfig; name = "Pods-Semantics.release.xcconfig"; path = "Target Support Files/Pods-Semantics/Pods-Semantics.release.xcconfig"; sourceTree = "<group>"; };
		35926C0BAFDDB0FC3DC53E11 /* Pods-SemContentFilter.release.xcconfig */ = {isa = PBXFileReference; includeInIndex = 1; lastKnownFileType = text.xcconfig; name = "Pods-SemContentFilter.release.xcconfig"; path = "Target Support Files/Pods-SemContentFilter/Pods-SemContentFilter.release.xcconfig"; sourceTree = "<group>"; };
		56EB719F7E1C826A797E1EF6 /* Pods_Semantics.framework */ = {isa = PBXFileReference; explicitFileType = wrapper.framework; includeInIndex = 0; path = Pods_Semantics.framework; sourceTree = BUILT_PRODUCTS_DIR; };
		719DE19C61E5E26B128592F8 /* Pods-SemContentFilter.debug.xcconfig */ = {isa = PBXFileReference; includeInIndex = 1; lastKnownFileType = text.xcconfig; name = "Pods-SemContentFilter.debug.xcconfig"; path = "Target Support Files/Pods-SemContentFilter/Pods-SemContentFilter.debug.xcconfig"; sourceTree = "<group>"; };
		7A142CA0C9D80D637211EB83 /* Pods_SemContentFilter.framework */ = {isa = PBXFileReference; explicitFileType = wrapper.framework; includeInIndex = 0; path = Pods_SemContentFilter.framework; sourceTree = BUILT_PRODUCTS_DIR; };
		8911386224C1644A00CBEBB5 /* CGRect+.swift */ = {isa = PBXFileReference; lastKnownFileType = sourcecode.swift; path = "CGRect+.swift"; sourceTree = "<group>"; };
		8911386724C1984C00CBEBB5 /* Theme.swift */ = {isa = PBXFileReference; lastKnownFileType = sourcecode.swift; path = Theme.swift; sourceTree = "<group>"; };
		89290D4524E10D4E00F0A862 /* SemWorldDataLayer.swift */ = {isa = PBXFileReference; lastKnownFileType = sourcecode.swift; path = SemWorldDataLayer.swift; sourceTree = "<group>"; };
		89290D4724E13B5600F0A862 /* apple-app-site-association */ = {isa = PBXFileReference; lastKnownFileType = text; path = "apple-app-site-association"; sourceTree = "<group>"; };
		89290D4A24E17E0400F0A862 /* SemWorld.xcdatamodel */ = {isa = PBXFileReference; lastKnownFileType = wrapper.xcdatamodel; path = SemWorld.xcdatamodel; sourceTree = "<group>"; };
		89290D4C24E185CA00F0A862 /* RealmObjs.swift */ = {isa = PBXFileReference; lastKnownFileType = sourcecode.swift; path = RealmObjs.swift; sourceTree = "<group>"; };
		89290D4F24E2A71900F0A862 /* LoginVC.swift */ = {isa = PBXFileReference; lastKnownFileType = sourcecode.swift; path = LoginVC.swift; sourceTree = "<group>"; };
		89290D5124E2ADCB00F0A862 /* KeychainItem.swift */ = {isa = PBXFileReference; fileEncoding = 4; lastKnownFileType = sourcecode.swift; path = KeychainItem.swift; sourceTree = "<group>"; };
		89290D5824E3D62100F0A862 /* RealmSpace.swift */ = {isa = PBXFileReference; lastKnownFileType = sourcecode.swift; path = RealmSpace.swift; sourceTree = "<group>"; };
		89290D5C24E403F900F0A862 /* AccountSysCommunication.swift */ = {isa = PBXFileReference; lastKnownFileType = sourcecode.swift; path = AccountSysCommunication.swift; sourceTree = "<group>"; };
		89290D5E24E42B3E00F0A862 /* PanelContentVC.swift */ = {isa = PBXFileReference; lastKnownFileType = sourcecode.swift; path = PanelContentVC.swift; sourceTree = "<group>"; };
		89290D6024E44CFA00F0A862 /* UIFont+.swift */ = {isa = PBXFileReference; lastKnownFileType = sourcecode.swift; path = "UIFont+.swift"; sourceTree = "<group>"; };
		89290D6224E4E02F00F0A862 /* UILabel+.swift */ = {isa = PBXFileReference; lastKnownFileType = sourcecode.swift; path = "UILabel+.swift"; sourceTree = "<group>"; };
		89290D6624E52F1C00F0A862 /* MapVM.swift */ = {isa = PBXFileReference; lastKnownFileType = sourcecode.swift; path = MapVM.swift; sourceTree = "<group>"; };
		89290D6824E52F4600F0A862 /* ConditionsVM.swift */ = {isa = PBXFileReference; lastKnownFileType = sourcecode.swift; path = ConditionsVM.swift; sourceTree = "<group>"; };
		89290D6B24E5313B00F0A862 /* SearchSuggestionsVC.swift */ = {isa = PBXFileReference; lastKnownFileType = sourcecode.swift; path = SearchSuggestionsVC.swift; sourceTree = "<group>"; };
		892C63CF248661D100208446 /* SemTextStorage.swift */ = {isa = PBXFileReference; lastKnownFileType = sourcecode.swift; path = SemTextStorage.swift; sourceTree = "<group>"; };
		892C63D12486630900208446 /* SemStyle.swift */ = {isa = PBXFileReference; lastKnownFileType = sourcecode.swift; path = SemStyle.swift; sourceTree = "<group>"; };
		892C63D424866A1000208446 /* NSRange+.swift */ = {isa = PBXFileReference; lastKnownFileType = sourcecode.swift; path = "NSRange+.swift"; sourceTree = "<group>"; };
		892C63DD24867F8700208446 /* SemTextView.swift */ = {isa = PBXFileReference; lastKnownFileType = sourcecode.swift; path = SemTextView.swift; sourceTree = "<group>"; };
		892C63E12487BA6500208446 /* NSAttributedString.Key+.swift */ = {isa = PBXFileReference; lastKnownFileType = sourcecode.swift; path = "NSAttributedString.Key+.swift"; sourceTree = "<group>"; };
		892C640F248A09C600208446 /* OceanLayerVC.swift */ = {isa = PBXFileReference; lastKnownFileType = sourcecode.swift; path = OceanLayerVC.swift; sourceTree = "<group>"; };
		892C6411248A0C2100208446 /* UIViewController+.swift */ = {isa = PBXFileReference; lastKnownFileType = sourcecode.swift; path = "UIViewController+.swift"; sourceTree = "<group>"; };
		892C6413248CCFE200208446 /* WordVC.swift */ = {isa = PBXFileReference; lastKnownFileType = sourcecode.swift; path = WordVC.swift; sourceTree = "<group>"; };
		892C6415248E1C1800208446 /* SubwordVC.swift */ = {isa = PBXFileReference; lastKnownFileType = sourcecode.swift; path = SubwordVC.swift; sourceTree = "<group>"; };
		894517BA24E91C2B006EF619 /* Environment.swift */ = {isa = PBXFileReference; lastKnownFileType = sourcecode.swift; path = Environment.swift; sourceTree = "<group>"; };
		894517BC24E92A0D006EF619 /* MapSysCommunication.swift */ = {isa = PBXFileReference; lastKnownFileType = sourcecode.swift; path = MapSysCommunication.swift; sourceTree = "<group>"; };
		895A4E2524EC36960025ED20 /* PlaceVC.swift */ = {isa = PBXFileReference; lastKnownFileType = sourcecode.swift; path = PlaceVC.swift; sourceTree = "<group>"; };
		895A4E2724EC383C0025ED20 /* SearchVC.swift */ = {isa = PBXFileReference; lastKnownFileType = sourcecode.swift; path = SearchVC.swift; sourceTree = "<group>"; };
		895A4E2924ED14AF0025ED20 /* CLLocationCoordinate2D+.swift */ = {isa = PBXFileReference; lastKnownFileType = sourcecode.swift; path = "CLLocationCoordinate2D+.swift"; sourceTree = "<group>"; };
		895A4E2B24ED9F4A0025ED20 /* PlaceVM.swift */ = {isa = PBXFileReference; lastKnownFileType = sourcecode.swift; path = PlaceVM.swift; sourceTree = "<group>"; };
		895A4E2D24EDA4550025ED20 /* UniquePlace.swift */ = {isa = PBXFileReference; lastKnownFileType = sourcecode.swift; path = UniquePlace.swift; sourceTree = "<group>"; };
		896234C5248F99330000ABCD /* Graphiccontent.swift */ = {isa = PBXFileReference; lastKnownFileType = sourcecode.swift; path = Graphiccontent.swift; sourceTree = "<group>"; };
		896234C7248FA7A20000ABCD /* Concurrency.swift */ = {isa = PBXFileReference; lastKnownFileType = sourcecode.swift; path = Concurrency.swift; sourceTree = "<group>"; };
		8962350C24920CF40000ABCD /* NetworkExtension.framework */ = {isa = PBXFileReference; lastKnownFileType = wrapper.framework; name = NetworkExtension.framework; path = System/Library/Frameworks/NetworkExtension.framework; sourceTree = SDKROOT; };
		896344B7249DD7F90060160B /* WordsGraphVC.swift */ = {isa = PBXFileReference; lastKnownFileType = sourcecode.swift; path = WordsGraphVC.swift; sourceTree = "<group>"; };
		896344BA249F36FD0060160B /* CoreDataLayer1.swift */ = {isa = PBXFileReference; lastKnownFileType = sourcecode.swift; path = CoreDataLayer1.swift; sourceTree = "<group>"; };
		896344BC249F570A0060160B /* CoreDataLayer2.swift */ = {isa = PBXFileReference; lastKnownFileType = sourcecode.swift; path = CoreDataLayer2.swift; sourceTree = "<group>"; };
		896344BE249F8F240060160B /* TextLoader.swift */ = {isa = PBXFileReference; lastKnownFileType = sourcecode.swift; path = TextLoader.swift; sourceTree = "<group>"; };
		896344C0249F94870060160B /* NSManagedObjectLayer.swift */ = {isa = PBXFileReference; lastKnownFileType = sourcecode.swift; path = NSManagedObjectLayer.swift; sourceTree = "<group>"; };
		896344C224A1C5180060160B /* String+.swift */ = {isa = PBXFileReference; lastKnownFileType = sourcecode.swift; path = "String+.swift"; sourceTree = "<group>"; };
		89642171247250590081DC87 /* SemanticsB1.app */ = {isa = PBXFileReference; explicitFileType = wrapper.application; includeInIndex = 0; path = SemanticsB1.app; sourceTree = BUILT_PRODUCTS_DIR; };
		89642174247250590081DC87 /* AppDelegate.swift */ = {isa = PBXFileReference; lastKnownFileType = sourcecode.swift; path = AppDelegate.swift; sourceTree = "<group>"; };
		89642176247250590081DC87 /* SceneDelegate.swift */ = {isa = PBXFileReference; lastKnownFileType = sourcecode.swift; path = SceneDelegate.swift; sourceTree = "<group>"; };
		89642179247250590081DC87 /* Semantics.xcdatamodel */ = {isa = PBXFileReference; lastKnownFileType = wrapper.xcdatamodel; path = Semantics.xcdatamodel; sourceTree = "<group>"; };
		8964217D247250650081DC87 /* Assets.xcassets */ = {isa = PBXFileReference; lastKnownFileType = folder.assetcatalog; path = Assets.xcassets; sourceTree = "<group>"; };
		89642180247250650081DC87 /* Preview Assets.xcassets */ = {isa = PBXFileReference; lastKnownFileType = folder.assetcatalog; path = "Preview Assets.xcassets"; sourceTree = "<group>"; };
		89642183247250650081DC87 /* Base */ = {isa = PBXFileReference; lastKnownFileType = file.storyboard; name = Base; path = Base.lproj/LaunchScreen.storyboard; sourceTree = "<group>"; };
		89642185247250650081DC87 /* Info.plist */ = {isa = PBXFileReference; lastKnownFileType = text.plist.xml; path = Info.plist; sourceTree = "<group>"; };
		8964218A247250660081DC87 /* SemanticsTests.xctest */ = {isa = PBXFileReference; explicitFileType = wrapper.cfbundle; includeInIndex = 0; path = SemanticsTests.xctest; sourceTree = BUILT_PRODUCTS_DIR; };
		8964218E247250660081DC87 /* SemanticsTests.swift */ = {isa = PBXFileReference; lastKnownFileType = sourcecode.swift; path = SemanticsTests.swift; sourceTree = "<group>"; };
		89642190247250660081DC87 /* Info.plist */ = {isa = PBXFileReference; lastKnownFileType = text.plist.xml; path = Info.plist; sourceTree = "<group>"; };
		8964219C2472BAC50081DC87 /* Semantics.entitlements */ = {isa = PBXFileReference; lastKnownFileType = text.plist.entitlements; path = Semantics.entitlements; sourceTree = "<group>"; };
		8964219E2472BF4C0081DC87 /* CloudKit.framework */ = {isa = PBXFileReference; lastKnownFileType = wrapper.framework; name = CloudKit.framework; path = System/Library/Frameworks/CloudKit.framework; sourceTree = SDKROOT; };
		8968C08424DF09A70093CBFC /* ConditionsVC.swift */ = {isa = PBXFileReference; lastKnownFileType = sourcecode.swift; path = ConditionsVC.swift; sourceTree = "<group>"; };
		8968C08624DFDC340093CBFC /* ConditionCell.swift */ = {isa = PBXFileReference; lastKnownFileType = sourcecode.swift; path = ConditionCell.swift; sourceTree = "<group>"; };
		8968C08824E0024A0093CBFC /* LabelSupplementaryView.swift */ = {isa = PBXFileReference; lastKnownFileType = sourcecode.swift; path = LabelSupplementaryView.swift; sourceTree = "<group>"; };
		8976AC68247BC7A900A7AD15 /* EclipseCollisionBoundsWrapper.swift */ = {isa = PBXFileReference; lastKnownFileType = sourcecode.swift; path = EclipseCollisionBoundsWrapper.swift; sourceTree = "<group>"; };
		8976AC6A247BFA3700A7AD15 /* KeyboardAdaptive.swift */ = {isa = PBXFileReference; lastKnownFileType = sourcecode.swift; path = KeyboardAdaptive.swift; sourceTree = "<group>"; };
		8989C5BC24E5C84600FA3FAE /* ConditionFeedbackVC.swift */ = {isa = PBXFileReference; lastKnownFileType = sourcecode.swift; path = ConditionFeedbackVC.swift; sourceTree = "<group>"; };
		8989C5BE24E673AC00FA3FAE /* ConditionFeedbackVM.swift */ = {isa = PBXFileReference; lastKnownFileType = sourcecode.swift; path = ConditionFeedbackVM.swift; sourceTree = "<group>"; };
		8989C5C024E6CE3D00FA3FAE /* FeedbackVC.swift */ = {isa = PBXFileReference; lastKnownFileType = sourcecode.swift; path = FeedbackVC.swift; sourceTree = "<group>"; };
		8989C5C224E6CEF500FA3FAE /* FeedbackVM.swift */ = {isa = PBXFileReference; lastKnownFileType = sourcecode.swift; path = FeedbackVM.swift; sourceTree = "<group>"; };
		8991DAD924B3513200299595 /* SemFoldersVC.swift */ = {isa = PBXFileReference; lastKnownFileType = sourcecode.swift; path = SemFoldersVC.swift; sourceTree = "<group>"; };
		8991DADD24B45BE100299595 /* SearchResultsVC.swift */ = {isa = PBXFileReference; lastKnownFileType = sourcecode.swift; path = SearchResultsVC.swift; sourceTree = "<group>"; };
		8991DAE024B6F9BD00299595 /* SemTextLayout.swift */ = {isa = PBXFileReference; lastKnownFileType = sourcecode.swift; path = SemTextLayout.swift; sourceTree = "<group>"; };
		89988ADA24C2D3040005580B /* BarrierVC.swift */ = {isa = PBXFileReference; lastKnownFileType = sourcecode.swift; path = BarrierVC.swift; sourceTree = "<group>"; };
		89988ADC24C2D8FF0005580B /* SemSectorVC.swift */ = {isa = PBXFileReference; lastKnownFileType = sourcecode.swift; path = SemSectorVC.swift; sourceTree = "<group>"; };
		89988ADE24C2D9FE0005580B /* SemSectorsVC.swift */ = {isa = PBXFileReference; lastKnownFileType = sourcecode.swift; path = SemSectorsVC.swift; sourceTree = "<group>"; };
		89988AE024C2F7EB0005580B /* SectorDataLayer.swift */ = {isa = PBXFileReference; lastKnownFileType = sourcecode.swift; path = SectorDataLayer.swift; sourceTree = "<group>"; };
		89988AE224C2FD8C0005580B /* OceanLayerDataLayer.swift */ = {isa = PBXFileReference; lastKnownFileType = sourcecode.swift; path = OceanLayerDataLayer.swift; sourceTree = "<group>"; };
		899AE16E24DAA14200C0EB17 /* HandleCloudKitError.swift */ = {isa = PBXFileReference; fileEncoding = 4; lastKnownFileType = sourcecode.swift; path = HandleCloudKitError.swift; sourceTree = "<group>"; };
		899AE16F24DAA14200C0EB17 /* CKDatabase+CloudKitShare.swift */ = {isa = PBXFileReference; fileEncoding = 4; lastKnownFileType = sourcecode.swift; path = "CKDatabase+CloudKitShare.swift"; sourceTree = "<group>"; };
		899AE17024DAA14200C0EB17 /* CKContainer+CloudKitShare.swift */ = {isa = PBXFileReference; fileEncoding = 4; lastKnownFileType = sourcecode.swift; path = "CKContainer+CloudKitShare.swift"; sourceTree = "<group>"; };
		899AE17524DAB9D700C0EB17 /* CloudSync.swift */ = {isa = PBXFileReference; lastKnownFileType = sourcecode.swift; path = CloudSync.swift; sourceTree = "<group>"; };
		899AE17824DABA8C00C0EB17 /* Files.swift */ = {isa = PBXFileReference; lastKnownFileType = sourcecode.swift; path = Files.swift; sourceTree = "<group>"; };
		899AE17A24DAC2F000C0EB17 /* Bundle.swift */ = {isa = PBXFileReference; lastKnownFileType = sourcecode.swift; path = Bundle.swift; sourceTree = "<group>"; };
		899AE17F24DACAF100C0EB17 /* CoreDataSpace.swift */ = {isa = PBXFileReference; lastKnownFileType = sourcecode.swift; path = CoreDataSpace.swift; sourceTree = "<group>"; };
		899AE18224DAD5A800C0EB17 /* CloudKitSpace.swift */ = {isa = PBXFileReference; lastKnownFileType = sourcecode.swift; path = CloudKitSpace.swift; sourceTree = "<group>"; };
		899AE18524DC255D00C0EB17 /* MapVC.swift */ = {isa = PBXFileReference; lastKnownFileType = sourcecode.swift; path = MapVC.swift; sourceTree = "<group>"; };
		899AE18724DD622700C0EB17 /* SemAnnotation.swift */ = {isa = PBXFileReference; lastKnownFileType = sourcecode.swift; path = SemAnnotation.swift; sourceTree = "<group>"; };
		899C247124C9BCEF00F8259B /* OrganVC.swift */ = {isa = PBXFileReference; lastKnownFileType = sourcecode.swift; path = OrganVC.swift; sourceTree = "<group>"; };
		899C247324C9C57300F8259B /* WordsVC.swift */ = {isa = PBXFileReference; lastKnownFileType = sourcecode.swift; path = WordsVC.swift; sourceTree = "<group>"; };
		899C247524C9CAE100F8259B /* Sector+.swift */ = {isa = PBXFileReference; lastKnownFileType = sourcecode.swift; path = "Sector+.swift"; sourceTree = "<group>"; };
		89A413CF24C567E0003FD435 /* OneFingerTableView.swift */ = {isa = PBXFileReference; lastKnownFileType = sourcecode.swift; path = OneFingerTableView.swift; sourceTree = "<group>"; };
		89A413D124C56E0B003FD435 /* OceanLayer+.swift */ = {isa = PBXFileReference; lastKnownFileType = sourcecode.swift; path = "OceanLayer+.swift"; sourceTree = "<group>"; };
		89A413D324C57215003FD435 /* Word+.swift */ = {isa = PBXFileReference; lastKnownFileType = sourcecode.swift; path = "Word+.swift"; sourceTree = "<group>"; };
		89A413D624C6F041003FD435 /* Bubble.swift */ = {isa = PBXFileReference; lastKnownFileType = sourcecode.swift; path = Bubble.swift; sourceTree = "<group>"; };
		89A413DA24C6F19F003FD435 /* TestVC.swift */ = {isa = PBXFileReference; lastKnownFileType = sourcecode.swift; path = TestVC.swift; sourceTree = "<group>"; };
		89A413DF24C70AEB003FD435 /* Creature.swift */ = {isa = PBXFileReference; lastKnownFileType = sourcecode.swift; path = Creature.swift; sourceTree = "<group>"; };
		89A4719024D59F0700874BA1 /* WordVC1.swift */ = {isa = PBXFileReference; lastKnownFileType = sourcecode.swift; path = WordVC1.swift; sourceTree = "<group>"; };
		89A666D024D6BC4500851EDF /* WordVM.swift */ = {isa = PBXFileReference; lastKnownFileType = sourcecode.swift; path = WordVM.swift; sourceTree = "<group>"; };
		89A666D224D6BFF900851EDF /* Schema.swift */ = {isa = PBXFileReference; lastKnownFileType = sourcecode.swift; path = Schema.swift; sourceTree = "<group>"; };
		89A666D424D6CA8100851EDF /* StringArrayToDataTransformer.swift */ = {isa = PBXFileReference; lastKnownFileType = sourcecode.swift; path = StringArrayToDataTransformer.swift; sourceTree = "<group>"; };
		89A666D624D6EEE100851EDF /* FloatingContainerVC.swift */ = {isa = PBXFileReference; lastKnownFileType = sourcecode.swift; path = FloatingContainerVC.swift; sourceTree = "<group>"; };
		89A666DA24D847EB00851EDF /* UIButton+.swift */ = {isa = PBXFileReference; lastKnownFileType = sourcecode.swift; path = "UIButton+.swift"; sourceTree = "<group>"; };
		89A666DD24D94EDA00851EDF /* NSNotification+.swift */ = {isa = PBXFileReference; lastKnownFileType = sourcecode.swift; path = "NSNotification+.swift"; sourceTree = "<group>"; };
		89A666DF24D9928800851EDF /* CommunityVC.swift */ = {isa = PBXFileReference; lastKnownFileType = sourcecode.swift; path = CommunityVC.swift; sourceTree = "<group>"; };
		89A666E124D9934700851EDF /* CommunityVM.swift */ = {isa = PBXFileReference; lastKnownFileType = sourcecode.swift; path = CommunityVM.swift; sourceTree = "<group>"; };
		89B953AA24B70FCE00472692 /* SemGestureRecognizer.swift */ = {isa = PBXFileReference; lastKnownFileType = sourcecode.swift; path = SemGestureRecognizer.swift; sourceTree = "<group>"; };
		89C2889224A34308002081FE /* NetworkSpace.swift */ = {isa = PBXFileReference; lastKnownFileType = sourcecode.swift; path = NetworkSpace.swift; sourceTree = "<group>"; };
		8F372B7B3F145196D23CE67D /* Pods_SemanticsTests.framework */ = {isa = PBXFileReference; explicitFileType = wrapper.framework; includeInIndex = 0; path = Pods_SemanticsTests.framework; sourceTree = BUILT_PRODUCTS_DIR; };
		A32F1871FEF854BC52BFCFBE /* Pods_SemFilterControl.framework */ = {isa = PBXFileReference; explicitFileType = wrapper.framework; includeInIndex = 0; path = Pods_SemFilterControl.framework; sourceTree = BUILT_PRODUCTS_DIR; };
		C7D5A0AE45A410A2DD4DA81F /* Pods-SemanticsTests.debug.xcconfig */ = {isa = PBXFileReference; includeInIndex = 1; lastKnownFileType = text.xcconfig; name = "Pods-SemanticsTests.debug.xcconfig"; path = "Target Support Files/Pods-SemanticsTests/Pods-SemanticsTests.debug.xcconfig"; sourceTree = "<group>"; };
		E25A4D2618E8026B68BDBF2A /* Pods-Semantics.debug.xcconfig */ = {isa = PBXFileReference; includeInIndex = 1; lastKnownFileType = text.xcconfig; name = "Pods-Semantics.debug.xcconfig"; path = "Target Support Files/Pods-Semantics/Pods-Semantics.debug.xcconfig"; sourceTree = "<group>"; };
		F22CC5BB9BDF6083EC38BE54 /* Pods-SemFilterControl.release.xcconfig */ = {isa = PBXFileReference; includeInIndex = 1; lastKnownFileType = text.xcconfig; name = "Pods-SemFilterControl.release.xcconfig"; path = "Target Support Files/Pods-SemFilterControl/Pods-SemFilterControl.release.xcconfig"; sourceTree = "<group>"; };
		FD10EEC6AA9527A4BDE58F9C /* Pods-SemanticsTests.release.xcconfig */ = {isa = PBXFileReference; includeInIndex = 1; lastKnownFileType = text.xcconfig; name = "Pods-SemanticsTests.release.xcconfig"; path = "Target Support Files/Pods-SemanticsTests/Pods-SemanticsTests.release.xcconfig"; sourceTree = "<group>"; };
/* End PBXFileReference section */

/* Begin PBXFrameworksBuildPhase section */
		8964216E247250590081DC87 /* Frameworks */ = {
			isa = PBXFrameworksBuildPhase;
			buildActionMask = 2147483647;
			files = (
				8911386624C1672000CBEBB5 /* SwifterSwift in Frameworks */,
				8968C08324DF087A0093CBFC /* FloatingPanel in Frameworks */,
				89C28CFE24ADC22E002081FE /* SwiftHEXColors in Frameworks */,
				896344B224936E210060160B /* Kingfisher in Frameworks */,
				8964219F2472BF4D0081DC87 /* CloudKit.framework in Frameworks */,
				896344B424936E210060160B /* KingfisherSwiftUI in Frameworks */,
				8962350D24920CF40000ABCD /* NetworkExtension.framework in Frameworks */,
				66A40F737D45F299B37EE8AE /* Pods_Semantics.framework in Frameworks */,
			);
			runOnlyForDeploymentPostprocessing = 0;
		};
		89642187247250660081DC87 /* Frameworks */ = {
			isa = PBXFrameworksBuildPhase;
			buildActionMask = 2147483647;
			files = (
				0B90FE90F55ECAC3B9ABE61B /* Pods_SemanticsTests.framework in Frameworks */,
			);
			runOnlyForDeploymentPostprocessing = 0;
		};
/* End PBXFrameworksBuildPhase section */

/* Begin PBXGroup section */
		45D124AB911FE01F9AA0E59B /* Pods */ = {
			isa = PBXGroup;
			children = (
				719DE19C61E5E26B128592F8 /* Pods-SemContentFilter.debug.xcconfig */,
				35926C0BAFDDB0FC3DC53E11 /* Pods-SemContentFilter.release.xcconfig */,
				1CE70680BC6B643E2B4DF9B0 /* Pods-SemFilterControl.debug.xcconfig */,
				F22CC5BB9BDF6083EC38BE54 /* Pods-SemFilterControl.release.xcconfig */,
				E25A4D2618E8026B68BDBF2A /* Pods-Semantics.debug.xcconfig */,
				22C4430679667F50967D6200 /* Pods-Semantics.release.xcconfig */,
				C7D5A0AE45A410A2DD4DA81F /* Pods-SemanticsTests.debug.xcconfig */,
				FD10EEC6AA9527A4BDE58F9C /* Pods-SemanticsTests.release.xcconfig */,
			);
			path = Pods;
			sourceTree = "<group>";
		};
		8924A17D24E932B900718680 /* ErrorHandle */ = {
			isa = PBXGroup;
			children = (
			);
			path = ErrorHandle;
			sourceTree = "<group>";
		};
		89290D4E24E2A6DA00F0A862 /* AccountSystem */ = {
			isa = PBXGroup;
			children = (
				89290D4F24E2A71900F0A862 /* LoginVC.swift */,
				89290D5C24E403F900F0A862 /* AccountSysCommunication.swift */,
			);
			path = AccountSystem;
			sourceTree = "<group>";
		};
		89290D5524E3D60800F0A862 /* RealmSpace */ = {
			isa = PBXGroup;
			children = (
				89290D5824E3D62100F0A862 /* RealmSpace.swift */,
			);
			path = RealmSpace;
			sourceTree = "<group>";
		};
		89290D6424E52EDF00F0A862 /* MVVM */ = {
			isa = PBXGroup;
			children = (
				89290D6524E52EEF00F0A862 /* VMs */,
				89B381E924E0443500B193C2 /* Views */,
				89B381E524E03C5B00B193C2 /* Models */,
				894517BC24E92A0D006EF619 /* MapSysCommunication.swift */,
			);
			path = MVVM;
			sourceTree = "<group>";
		};
		89290D6524E52EEF00F0A862 /* VMs */ = {
			isa = PBXGroup;
			children = (
				89290D6624E52F1C00F0A862 /* MapVM.swift */,
				89290D6824E52F4600F0A862 /* ConditionsVM.swift */,
				8989C5C224E6CEF500FA3FAE /* FeedbackVM.swift */,
				895A4E2B24ED9F4A0025ED20 /* PlaceVM.swift */,
			);
			path = VMs;
			sourceTree = "<group>";
		};
		89290D6A24E5312600F0A862 /* VCs */ = {
			isa = PBXGroup;
			children = (
				8968C08424DF09A70093CBFC /* ConditionsVC.swift */,
				899AE18524DC255D00C0EB17 /* MapVC.swift */,
				89290D5E24E42B3E00F0A862 /* PanelContentVC.swift */,
				89290D6B24E5313B00F0A862 /* SearchSuggestionsVC.swift */,
				8989C5BC24E5C84600FA3FAE /* ConditionFeedbackVC.swift */,
				8989C5C024E6CE3D00FA3FAE /* FeedbackVC.swift */,
				895A4E2524EC36960025ED20 /* PlaceVC.swift */,
				895A4E2724EC383C0025ED20 /* SearchVC.swift */,
			);
			path = VCs;
			sourceTree = "<group>";
		};
		892C63CE2486616F00208446 /* TextSystem */ = {
			isa = PBXGroup;
			children = (
				892C63CF248661D100208446 /* SemTextStorage.swift */,
				8991DAE024B6F9BD00299595 /* SemTextLayout.swift */,
				892C63D12486630900208446 /* SemStyle.swift */,
				892C63DD24867F8700208446 /* SemTextView.swift */,
				896344BE249F8F240060160B /* TextLoader.swift */,
				89B953AA24B70FCE00472692 /* SemGestureRecognizer.swift */,
			);
			path = TextSystem;
			sourceTree = "<group>";
		};
		892C63D3248669FF00208446 /* Utils */ = {
			isa = PBXGroup;
			children = (
				8976AC68247BC7A900A7AD15 /* EclipseCollisionBoundsWrapper.swift */,
				8976AC6A247BFA3700A7AD15 /* KeyboardAdaptive.swift */,
				892C63D424866A1000208446 /* NSRange+.swift */,
				892C63E12487BA6500208446 /* NSAttributedString.Key+.swift */,
				892C6411248A0C2100208446 /* UIViewController+.swift */,
				896344C224A1C5180060160B /* String+.swift */,
				8911386224C1644A00CBEBB5 /* CGRect+.swift */,
				89A413CF24C567E0003FD435 /* OneFingerTableView.swift */,
				89A666DA24D847EB00851EDF /* UIButton+.swift */,
				899AE17A24DAC2F000C0EB17 /* Bundle.swift */,
				89290D6024E44CFA00F0A862 /* UIFont+.swift */,
				89290D6224E4E02F00F0A862 /* UILabel+.swift */,
				895A4E2924ED14AF0025ED20 /* CLLocationCoordinate2D+.swift */,
			);
			path = Utils;
			sourceTree = "<group>";
		};
		892C640E248A09B900208446 /* Views */ = {
			isa = PBXGroup;
			children = (
				89A4718F24D5777800874BA1 /* Base */,
				89A4718E24D576FE00874BA1 /* World */,
				89A4718D24D576DA00874BA1 /* Drafts */,
				892C640F248A09C600208446 /* OceanLayerVC.swift */,
				892C6415248E1C1800208446 /* SubwordVC.swift */,
				899C247124C9BCEF00F8259B /* OrganVC.swift */,
			);
			path = Views;
			sourceTree = "<group>";
		};
		896234C4248F99030000ABCD /* Infra */ = {
			isa = PBXGroup;
			children = (
				8924A17D24E932B900718680 /* ErrorHandle */,
				89290D5524E3D60800F0A862 /* RealmSpace */,
				89290D5124E2ADCB00F0A862 /* KeychainItem.swift */,
				899AE18124DAD57A00C0EB17 /* CloudKitSpace */,
				899AE17E24DACAE000C0EB17 /* CoreDataSpace */,
				899AE17724DABA7C00C0EB17 /* Files */,
				899AE17424DAB9BE00C0EB17 /* CloudSync */,
				899AE16D24DAA14200C0EB17 /* CKSharing */,
				892C63D3248669FF00208446 /* Utils */,
				896234C5248F99330000ABCD /* Graphiccontent.swift */,
				896234C7248FA7A20000ABCD /* Concurrency.swift */,
			);
			path = Infra;
			sourceTree = "<group>";
		};
		896344B9249F36AF0060160B /* Models */ = {
			isa = PBXGroup;
			children = (
				896344BA249F36FD0060160B /* CoreDataLayer1.swift */,
				896344BC249F570A0060160B /* CoreDataLayer2.swift */,
				896344C0249F94870060160B /* NSManagedObjectLayer.swift */,
				89642178247250590081DC87 /* Semantics.xcdatamodeld */,
				89988AE024C2F7EB0005580B /* SectorDataLayer.swift */,
				89988AE224C2FD8C0005580B /* OceanLayerDataLayer.swift */,
				89A413D124C56E0B003FD435 /* OceanLayer+.swift */,
				89A413D324C57215003FD435 /* Word+.swift */,
				899C247524C9CAE100F8259B /* Sector+.swift */,
				89A666D224D6BFF900851EDF /* Schema.swift */,
				89A666D424D6CA8100851EDF /* StringArrayToDataTransformer.swift */,
			);
			path = Models;
			sourceTree = "<group>";
		};
		89642168247250590081DC87 = {
			isa = PBXGroup;
			children = (
				89290D4E24E2A6DA00F0A862 /* AccountSystem */,
				899AE18424DC254C00C0EB17 /* MapSystem */,
				89A666CE24D6BC0F00851EDF /* MVVM */,
				89A413DE24C70A82003FD435 /* LifeCycles */,
				89A413D524C6F016003FD435 /* ArtStyles */,
				89988AD924C2D0210005580B /* Resources */,
				8991DADF24B5A77E00299595 /* Configs */,
				89C2889124A34243002081FE /* Network */,
				892C63CE2486616F00208446 /* TextSystem */,
				896234C4248F99030000ABCD /* Infra */,
				89642173247250590081DC87 /* Semantics */,
				8964218D247250660081DC87 /* SemanticsTests */,
				89642172247250590081DC87 /* Products */,
				8964219D2472BF4C0081DC87 /* Frameworks */,
				45D124AB911FE01F9AA0E59B /* Pods */,
			);
			sourceTree = "<group>";
		};
		89642172247250590081DC87 /* Products */ = {
			isa = PBXGroup;
			children = (
				89642171247250590081DC87 /* SemanticsB1.app */,
				8964218A247250660081DC87 /* SemanticsTests.xctest */,
			);
			name = Products;
			sourceTree = "<group>";
		};
		89642173247250590081DC87 /* Semantics */ = {
			isa = PBXGroup;
			children = (
				89A413DF24C70AEB003FD435 /* Creature.swift */,
			);
			path = Semantics;
			sourceTree = "<group>";
		};
		8964217F247250650081DC87 /* Preview Content */ = {
			isa = PBXGroup;
			children = (
				89642180247250650081DC87 /* Preview Assets.xcassets */,
			);
			path = "Preview Content";
			sourceTree = "<group>";
		};
		8964218D247250660081DC87 /* SemanticsTests */ = {
			isa = PBXGroup;
			children = (
				8964218E247250660081DC87 /* SemanticsTests.swift */,
				89642190247250660081DC87 /* Info.plist */,
			);
			path = SemanticsTests;
			sourceTree = "<group>";
		};
		8964219D2472BF4C0081DC87 /* Frameworks */ = {
			isa = PBXGroup;
			children = (
				8962350C24920CF40000ABCD /* NetworkExtension.framework */,
				8964219E2472BF4C0081DC87 /* CloudKit.framework */,
				7A142CA0C9D80D637211EB83 /* Pods_SemContentFilter.framework */,
				A32F1871FEF854BC52BFCFBE /* Pods_SemFilterControl.framework */,
				56EB719F7E1C826A797E1EF6 /* Pods_Semantics.framework */,
				8F372B7B3F145196D23CE67D /* Pods_SemanticsTests.framework */,
			);
			name = Frameworks;
			sourceTree = "<group>";
		};
		8991DADF24B5A77E00299595 /* Configs */ = {
			isa = PBXGroup;
			children = (
				8964219C2472BAC50081DC87 /* Semantics.entitlements */,
				89642185247250650081DC87 /* Info.plist */,
				8911386724C1984C00CBEBB5 /* Theme.swift */,
			);
			path = Configs;
			sourceTree = "<group>";
		};
		89988AD924C2D0210005580B /* Resources */ = {
			isa = PBXGroup;
			children = (
				8989C5BE24E673AC00FA3FAE /* ConditionFeedbackVM.swift */,
				89642182247250650081DC87 /* LaunchScreen.storyboard */,
				8964217F247250650081DC87 /* Preview Content */,
				8964217D247250650081DC87 /* Assets.xcassets */,
			);
			path = Resources;
			sourceTree = "<group>";
		};
		899AE16D24DAA14200C0EB17 /* CKSharing */ = {
			isa = PBXGroup;
			children = (
				899AE16E24DAA14200C0EB17 /* HandleCloudKitError.swift */,
				899AE16F24DAA14200C0EB17 /* CKDatabase+CloudKitShare.swift */,
				899AE17024DAA14200C0EB17 /* CKContainer+CloudKitShare.swift */,
			);
			path = CKSharing;
			sourceTree = "<group>";
		};
		899AE17424DAB9BE00C0EB17 /* CloudSync */ = {
			isa = PBXGroup;
			children = (
				899AE17524DAB9D700C0EB17 /* CloudSync.swift */,
			);
			path = CloudSync;
			sourceTree = "<group>";
		};
		899AE17724DABA7C00C0EB17 /* Files */ = {
			isa = PBXGroup;
			children = (
				899AE17824DABA8C00C0EB17 /* Files.swift */,
			);
			path = Files;
			sourceTree = "<group>";
		};
		899AE17E24DACAE000C0EB17 /* CoreDataSpace */ = {
			isa = PBXGroup;
			children = (
				899AE17F24DACAF100C0EB17 /* CoreDataSpace.swift */,
			);
			path = CoreDataSpace;
			sourceTree = "<group>";
		};
		899AE18124DAD57A00C0EB17 /* CloudKitSpace */ = {
			isa = PBXGroup;
			children = (
				899AE18224DAD5A800C0EB17 /* CloudKitSpace.swift */,
			);
			path = CloudKitSpace;
			sourceTree = "<group>";
		};
		899AE18424DC254C00C0EB17 /* MapSystem */ = {
			isa = PBXGroup;
			children = (
				89290D6424E52EDF00F0A862 /* MVVM */,
				89290D4724E13B5600F0A862 /* apple-app-site-association */,
				894517BA24E91C2B006EF619 /* Environment.swift */,
			);
			path = MapSystem;
			sourceTree = "<group>";
		};
		89A413D524C6F016003FD435 /* ArtStyles */ = {
			isa = PBXGroup;
			children = (
				89A413D624C6F041003FD435 /* Bubble.swift */,
				89A413DA24C6F19F003FD435 /* TestVC.swift */,
				89A666D624D6EEE100851EDF /* FloatingContainerVC.swift */,
			);
			path = ArtStyles;
			sourceTree = "<group>";
		};
		89A413DE24C70A82003FD435 /* LifeCycles */ = {
			isa = PBXGroup;
			children = (
				89642174247250590081DC87 /* AppDelegate.swift */,
				89642176247250590081DC87 /* SceneDelegate.swift */,
			);
			path = LifeCycles;
			sourceTree = "<group>";
		};
		89A4718D24D576DA00874BA1 /* Drafts */ = {
			isa = PBXGroup;
			children = (
				896344B7249DD7F90060160B /* WordsGraphVC.swift */,
				8991DAD924B3513200299595 /* SemFoldersVC.swift */,
			);
			path = Drafts;
			sourceTree = "<group>";
		};
		89A4718E24D576FE00874BA1 /* World */ = {
			isa = PBXGroup;
			children = (
				89988ADA24C2D3040005580B /* BarrierVC.swift */,
				89988ADC24C2D8FF0005580B /* SemSectorVC.swift */,
				89988ADE24C2D9FE0005580B /* SemSectorsVC.swift */,
				89A666DF24D9928800851EDF /* CommunityVC.swift */,
			);
			path = World;
			sourceTree = "<group>";
		};
		89A4718F24D5777800874BA1 /* Base */ = {
			isa = PBXGroup;
			children = (
				8991DADD24B45BE100299595 /* SearchResultsVC.swift */,
				899C247324C9C57300F8259B /* WordsVC.swift */,
				892C6413248CCFE200208446 /* WordVC.swift */,
				89A4719024D59F0700874BA1 /* WordVC1.swift */,
			);
			path = Base;
			sourceTree = "<group>";
		};
		89A666CE24D6BC0F00851EDF /* MVVM */ = {
			isa = PBXGroup;
			children = (
				89A666DC24D94EBF00851EDF /* Communication */,
				89A666CF24D6BC3100851EDF /* VMs */,
				892C640E248A09B900208446 /* Views */,
				896344B9249F36AF0060160B /* Models */,
			);
			path = MVVM;
			sourceTree = "<group>";
		};
		89A666CF24D6BC3100851EDF /* VMs */ = {
			isa = PBXGroup;
			children = (
				89A666D024D6BC4500851EDF /* WordVM.swift */,
				89A666E124D9934700851EDF /* CommunityVM.swift */,
			);
			path = VMs;
			sourceTree = "<group>";
		};
		89A666DC24D94EBF00851EDF /* Communication */ = {
			isa = PBXGroup;
			children = (
				89A666DD24D94EDA00851EDF /* NSNotification+.swift */,
			);
			path = Communication;
			sourceTree = "<group>";
		};
		89B381E524E03C5B00B193C2 /* Models */ = {
			isa = PBXGroup;
			children = (
				899AE18724DD622700C0EB17 /* SemAnnotation.swift */,
				89290D4924E17E0400F0A862 /* SemWorld.xcdatamodeld */,
				89290D4524E10D4E00F0A862 /* SemWorldDataLayer.swift */,
				89290D4C24E185CA00F0A862 /* RealmObjs.swift */,
				895A4E2D24EDA4550025ED20 /* UniquePlace.swift */,
			);
			path = Models;
			sourceTree = "<group>";
		};
		89B381E924E0443500B193C2 /* Views */ = {
			isa = PBXGroup;
			children = (
				89290D6A24E5312600F0A862 /* VCs */,
				8968C08624DFDC340093CBFC /* ConditionCell.swift */,
				8968C08824E0024A0093CBFC /* LabelSupplementaryView.swift */,
			);
			path = Views;
			sourceTree = "<group>";
		};
		89C2889124A34243002081FE /* Network */ = {
			isa = PBXGroup;
			children = (
				89C2889224A34308002081FE /* NetworkSpace.swift */,
			);
			path = Network;
			sourceTree = "<group>";
		};
/* End PBXGroup section */

/* Begin PBXNativeTarget section */
		89642170247250590081DC87 /* Semantics */ = {
			isa = PBXNativeTarget;
			buildConfigurationList = 89642193247250660081DC87 /* Build configuration list for PBXNativeTarget "Semantics" */;
			buildPhases = (
				56E0A765E1E2FE3114CF535C /* [CP] Check Pods Manifest.lock */,
				8964216D247250590081DC87 /* Sources */,
				8964216E247250590081DC87 /* Frameworks */,
				8964216F247250590081DC87 /* Resources */,
				896234D92491F3650000ABCD /* Embed App Extensions */,
				33C96352AAAF8B0B8A811CCF /* [CP] Embed Pods Frameworks */,
			);
			buildRules = (
			);
			dependencies = (
			);
			name = Semantics;
			packageProductDependencies = (
				896344B124936E210060160B /* Kingfisher */,
				896344B324936E210060160B /* KingfisherSwiftUI */,
				89C28CFD24ADC22E002081FE /* SwiftHEXColors */,
				8911386524C1672000CBEBB5 /* SwifterSwift */,
				8968C08224DF087A0093CBFC /* FloatingPanel */,
			);
			productName = Semantics;
			productReference = 89642171247250590081DC87 /* SemanticsB1.app */;
			productType = "com.apple.product-type.application";
		};
		89642189247250660081DC87 /* SemanticsTests */ = {
			isa = PBXNativeTarget;
			buildConfigurationList = 89642196247250660081DC87 /* Build configuration list for PBXNativeTarget "SemanticsTests" */;
			buildPhases = (
				C0FF979F572DAE76D33E461A /* [CP] Check Pods Manifest.lock */,
				89642186247250660081DC87 /* Sources */,
				89642187247250660081DC87 /* Frameworks */,
				89642188247250660081DC87 /* Resources */,
			);
			buildRules = (
			);
			dependencies = (
				8964218C247250660081DC87 /* PBXTargetDependency */,
			);
			name = SemanticsTests;
			productName = SemanticsTests;
			productReference = 8964218A247250660081DC87 /* SemanticsTests.xctest */;
			productType = "com.apple.product-type.bundle.unit-test";
		};
/* End PBXNativeTarget section */

/* Begin PBXProject section */
		89642169247250590081DC87 /* Project object */ = {
			isa = PBXProject;
			attributes = {
				LastSwiftUpdateCheck = 1150;
				LastUpgradeCheck = 1140;
				ORGANIZATIONNAME = "Paper Scratch";
				TargetAttributes = {
					89642170247250590081DC87 = {
						CreatedOnToolsVersion = 11.4.1;
					};
					89642189247250660081DC87 = {
						CreatedOnToolsVersion = 11.4.1;
						TestTargetID = 89642170247250590081DC87;
					};
				};
			};
			buildConfigurationList = 8964216C247250590081DC87 /* Build configuration list for PBXProject "Semantics" */;
			compatibilityVersion = "Xcode 9.3";
			developmentRegion = en;
			hasScannedForEncodings = 0;
			knownRegions = (
				en,
				Base,
			);
			mainGroup = 89642168247250590081DC87;
			packageReferences = (
				896344B024936E210060160B /* XCRemoteSwiftPackageReference "Kingfisher" */,
				89C28CFC24ADC22E002081FE /* XCRemoteSwiftPackageReference "SwiftHEXColors" */,
				8911386424C1672000CBEBB5 /* XCRemoteSwiftPackageReference "SwifterSwift" */,
				8968C08124DF087A0093CBFC /* XCRemoteSwiftPackageReference "FloatingPanel" */,
			);
			productRefGroup = 89642172247250590081DC87 /* Products */;
			projectDirPath = "";
			projectRoot = "";
			targets = (
				89642170247250590081DC87 /* Semantics */,
				89642189247250660081DC87 /* SemanticsTests */,
			);
		};
/* End PBXProject section */

/* Begin PBXResourcesBuildPhase section */
		8964216F247250590081DC87 /* Resources */ = {
			isa = PBXResourcesBuildPhase;
			buildActionMask = 2147483647;
			files = (
				89642184247250650081DC87 /* LaunchScreen.storyboard in Resources */,
				89642181247250650081DC87 /* Preview Assets.xcassets in Resources */,
				89290D4824E13B5600F0A862 /* apple-app-site-association in Resources */,
				8964217E247250650081DC87 /* Assets.xcassets in Resources */,
			);
			runOnlyForDeploymentPostprocessing = 0;
		};
		89642188247250660081DC87 /* Resources */ = {
			isa = PBXResourcesBuildPhase;
			buildActionMask = 2147483647;
			files = (
			);
			runOnlyForDeploymentPostprocessing = 0;
		};
/* End PBXResourcesBuildPhase section */

/* Begin PBXShellScriptBuildPhase section */
		33C96352AAAF8B0B8A811CCF /* [CP] Embed Pods Frameworks */ = {
			isa = PBXShellScriptBuildPhase;
			buildActionMask = 2147483647;
			files = (
			);
			inputFileListPaths = (
				"${PODS_ROOT}/Target Support Files/Pods-Semantics/Pods-Semantics-frameworks-${CONFIGURATION}-input-files.xcfilelist",
			);
			name = "[CP] Embed Pods Frameworks";
			outputFileListPaths = (
				"${PODS_ROOT}/Target Support Files/Pods-Semantics/Pods-Semantics-frameworks-${CONFIGURATION}-output-files.xcfilelist",
			);
			runOnlyForDeploymentPostprocessing = 0;
			shellPath = /bin/sh;
			shellScript = "\"${PODS_ROOT}/Target Support Files/Pods-Semantics/Pods-Semantics-frameworks.sh\"\n";
			showEnvVarsInLog = 0;
		};
		56E0A765E1E2FE3114CF535C /* [CP] Check Pods Manifest.lock */ = {
			isa = PBXShellScriptBuildPhase;
			buildActionMask = 2147483647;
			files = (
			);
			inputFileListPaths = (
			);
			inputPaths = (
				"${PODS_PODFILE_DIR_PATH}/Podfile.lock",
				"${PODS_ROOT}/Manifest.lock",
			);
			name = "[CP] Check Pods Manifest.lock";
			outputFileListPaths = (
			);
			outputPaths = (
				"$(DERIVED_FILE_DIR)/Pods-Semantics-checkManifestLockResult.txt",
			);
			runOnlyForDeploymentPostprocessing = 0;
			shellPath = /bin/sh;
			shellScript = "diff \"${PODS_PODFILE_DIR_PATH}/Podfile.lock\" \"${PODS_ROOT}/Manifest.lock\" > /dev/null\nif [ $? != 0 ] ; then\n    # print error to STDERR\n    echo \"error: The sandbox is not in sync with the Podfile.lock. Run 'pod install' or update your CocoaPods installation.\" >&2\n    exit 1\nfi\n# This output is used by Xcode 'outputs' to avoid re-running this script phase.\necho \"SUCCESS\" > \"${SCRIPT_OUTPUT_FILE_0}\"\n";
			showEnvVarsInLog = 0;
		};
		C0FF979F572DAE76D33E461A /* [CP] Check Pods Manifest.lock */ = {
			isa = PBXShellScriptBuildPhase;
			buildActionMask = 2147483647;
			files = (
			);
			inputFileListPaths = (
			);
			inputPaths = (
				"${PODS_PODFILE_DIR_PATH}/Podfile.lock",
				"${PODS_ROOT}/Manifest.lock",
			);
			name = "[CP] Check Pods Manifest.lock";
			outputFileListPaths = (
			);
			outputPaths = (
				"$(DERIVED_FILE_DIR)/Pods-SemanticsTests-checkManifestLockResult.txt",
			);
			runOnlyForDeploymentPostprocessing = 0;
			shellPath = /bin/sh;
			shellScript = "diff \"${PODS_PODFILE_DIR_PATH}/Podfile.lock\" \"${PODS_ROOT}/Manifest.lock\" > /dev/null\nif [ $? != 0 ] ; then\n    # print error to STDERR\n    echo \"error: The sandbox is not in sync with the Podfile.lock. Run 'pod install' or update your CocoaPods installation.\" >&2\n    exit 1\nfi\n# This output is used by Xcode 'outputs' to avoid re-running this script phase.\necho \"SUCCESS\" > \"${SCRIPT_OUTPUT_FILE_0}\"\n";
			showEnvVarsInLog = 0;
		};
/* End PBXShellScriptBuildPhase section */

/* Begin PBXSourcesBuildPhase section */
		8964216D247250590081DC87 /* Sources */ = {
			isa = PBXSourcesBuildPhase;
			buildActionMask = 2147483647;
			files = (
				89A413DC24C6F201003FD435 /* TestVC.swift in Sources */,
				89B953AC24B8568200472692 /* SemStyle.swift in Sources */,
				89988AE124C2F7EB0005580B /* SectorDataLayer.swift in Sources */,
				895A4E2A24ED14AF0025ED20 /* CLLocationCoordinate2D+.swift in Sources */,
				899C247624C9CAE100F8259B /* Sector+.swift in Sources */,
				89B953AB24B70FCE00472692 /* SemGestureRecognizer.swift in Sources */,
				8968C08524DF09A70093CBFC /* ConditionsVC.swift in Sources */,
				896344C324A1C5180060160B /* String+.swift in Sources */,
				89290D6124E44CFA00F0A862 /* UIFont+.swift in Sources */,
				895A4E2824EC383C0025ED20 /* SearchVC.swift in Sources */,
				899AE17624DAB9D700C0EB17 /* CloudSync.swift in Sources */,
				899AE17B24DAC2F000C0EB17 /* Bundle.swift in Sources */,
				89290D6C24E5313B00F0A862 /* SearchSuggestionsVC.swift in Sources */,
				89A666D124D6BC4500851EDF /* WordVM.swift in Sources */,
				899AE17324DAA14200C0EB17 /* CKContainer+CloudKitShare.swift in Sources */,
				895A4E2624EC36970025ED20 /* PlaceVC.swift in Sources */,
				8991DADE24B45BE100299595 /* SearchResultsVC.swift in Sources */,
				896344BB249F36FD0060160B /* CoreDataLayer1.swift in Sources */,
				8989C5C324E6CEF500FA3FAE /* FeedbackVM.swift in Sources */,
				8968C08924E0024A0093CBFC /* LabelSupplementaryView.swift in Sources */,
				896234C6248F99330000ABCD /* Graphiccontent.swift in Sources */,
				892C6410248A09C600208446 /* OceanLayerVC.swift in Sources */,
				896344B8249DD7F90060160B /* WordsGraphVC.swift in Sources */,
				899AE17124DAA14200C0EB17 /* HandleCloudKitError.swift in Sources */,
				895A4E2C24ED9F4A0025ED20 /* PlaceVM.swift in Sources */,
				8991DAE124B6F9BD00299595 /* SemTextLayout.swift in Sources */,
				899C247424C9C57300F8259B /* WordsVC.swift in Sources */,
				894517BB24E91C2B006EF619 /* Environment.swift in Sources */,
				8976AC6B247BFA3700A7AD15 /* KeyboardAdaptive.swift in Sources */,
				89A666DE24D94EDA00851EDF /* NSNotification+.swift in Sources */,
				8968C08724DFDC340093CBFC /* ConditionCell.swift in Sources */,
				899AE17224DAA14200C0EB17 /* CKDatabase+CloudKitShare.swift in Sources */,
				89290D6724E52F1C00F0A862 /* MapVM.swift in Sources */,
				892C63D524866A1000208446 /* NSRange+.swift in Sources */,
				899AE18624DC255D00C0EB17 /* MapVC.swift in Sources */,
				8911386324C1644A00CBEBB5 /* CGRect+.swift in Sources */,
				899C247224C9BCEF00F8259B /* OrganVC.swift in Sources */,
				892C63DE24867F8700208446 /* SemTextView.swift in Sources */,
				899AE18324DAD5A800C0EB17 /* CloudKitSpace.swift in Sources */,
				89988ADF24C2D9FE0005580B /* SemSectorsVC.swift in Sources */,
				89A666D724D6EEE100851EDF /* FloatingContainerVC.swift in Sources */,
				89290D5924E3D62100F0A862 /* RealmSpace.swift in Sources */,
				89A413D724C6F041003FD435 /* Bubble.swift in Sources */,
				8964217A247250590081DC87 /* Semantics.xcdatamodeld in Sources */,
				89A666E224D9934700851EDF /* CommunityVM.swift in Sources */,
				89A413D424C57215003FD435 /* Word+.swift in Sources */,
				8989C5BD24E5C84600FA3FAE /* ConditionFeedbackVC.swift in Sources */,
				89A4719124D59F0700874BA1 /* WordVC1.swift in Sources */,
				894517BD24E92A0D006EF619 /* MapSysCommunication.swift in Sources */,
				89642175247250590081DC87 /* AppDelegate.swift in Sources */,
				89A666E024D9928800851EDF /* CommunityVC.swift in Sources */,
				89A666D524D6CA8100851EDF /* StringArrayToDataTransformer.swift in Sources */,
				8976AC69247BC7A900A7AD15 /* EclipseCollisionBoundsWrapper.swift in Sources */,
				89988ADD24C2D8FF0005580B /* SemSectorVC.swift in Sources */,
				89290D5224E2ADCB00F0A862 /* KeychainItem.swift in Sources */,
				89A666DB24D847EB00851EDF /* UIButton+.swift in Sources */,
				892C6416248E1C1800208446 /* SubwordVC.swift in Sources */,
				892C6414248CCFE200208446 /* WordVC.swift in Sources */,
				896344BD249F570A0060160B /* CoreDataLayer2.swift in Sources */,
				892C63D0248661D100208446 /* SemTextStorage.swift in Sources */,
				89642177247250590081DC87 /* SceneDelegate.swift in Sources */,
				89C2889324A34308002081FE /* NetworkSpace.swift in Sources */,
				8991DADA24B3513200299595 /* SemFoldersVC.swift in Sources */,
				8911386824C1984C00CBEBB5 /* Theme.swift in Sources */,
				899AE18824DD622700C0EB17 /* SemAnnotation.swift in Sources */,
				8989C5BF24E673AC00FA3FAE /* ConditionFeedbackVM.swift in Sources */,
				89A413D024C567E0003FD435 /* OneFingerTableView.swift in Sources */,
				892C63E22487BA6500208446 /* NSAttributedString.Key+.swift in Sources */,
				899AE17924DABA8C00C0EB17 /* Files.swift in Sources */,
				899AE18024DACAF100C0EB17 /* CoreDataSpace.swift in Sources */,
				89A413D224C56E0B003FD435 /* OceanLayer+.swift in Sources */,
				89290D5D24E403F900F0A862 /* AccountSysCommunication.swift in Sources */,
				89290D6324E4E02F00F0A862 /* UILabel+.swift in Sources */,
				896344C1249F94870060160B /* NSManagedObjectLayer.swift in Sources */,
				895A4E2E24EDA4550025ED20 /* UniquePlace.swift in Sources */,
				896234C8248FA7A20000ABCD /* Concurrency.swift in Sources */,
				89290D4624E10D4E00F0A862 /* SemWorldDataLayer.swift in Sources */,
				89A413E024C70AEB003FD435 /* Creature.swift in Sources */,
				89988ADB24C2D3040005580B /* BarrierVC.swift in Sources */,
				892C6412248A0C2100208446 /* UIViewController+.swift in Sources */,
				8989C5C124E6CE3D00FA3FAE /* FeedbackVC.swift in Sources */,
				89290D6924E52F4600F0A862 /* ConditionsVM.swift in Sources */,
				89290D5F24E42B3E00F0A862 /* PanelContentVC.swift in Sources */,
				89988AE324C2FD8C0005580B /* OceanLayerDataLayer.swift in Sources */,
				89290D4B24E17E0400F0A862 /* SemWorld.xcdatamodeld in Sources */,
				89290D4D24E185CA00F0A862 /* RealmObjs.swift in Sources */,
				89A666D324D6BFF900851EDF /* Schema.swift in Sources */,
				896344BF249F8F240060160B /* TextLoader.swift in Sources */,
				89290D5024E2A71900F0A862 /* LoginVC.swift in Sources */,
			);
			runOnlyForDeploymentPostprocessing = 0;
		};
		89642186247250660081DC87 /* Sources */ = {
			isa = PBXSourcesBuildPhase;
			buildActionMask = 2147483647;
			files = (
				89A413DB24C6F19F003FD435 /* TestVC.swift in Sources */,
				8964218F247250660081DC87 /* SemanticsTests.swift in Sources */,
			);
			runOnlyForDeploymentPostprocessing = 0;
		};
/* End PBXSourcesBuildPhase section */

/* Begin PBXTargetDependency section */
		8964218C247250660081DC87 /* PBXTargetDependency */ = {
			isa = PBXTargetDependency;
			target = 89642170247250590081DC87 /* Semantics */;
			targetProxy = 8964218B247250660081DC87 /* PBXContainerItemProxy */;
		};
/* End PBXTargetDependency section */

/* Begin PBXVariantGroup section */
		89642182247250650081DC87 /* LaunchScreen.storyboard */ = {
			isa = PBXVariantGroup;
			children = (
				89642183247250650081DC87 /* Base */,
			);
			name = LaunchScreen.storyboard;
			sourceTree = "<group>";
		};
/* End PBXVariantGroup section */

/* Begin XCBuildConfiguration section */
		89642191247250660081DC87 /* Debug */ = {
			isa = XCBuildConfiguration;
			buildSettings = {
				ALWAYS_SEARCH_USER_PATHS = NO;
				CLANG_ANALYZER_NONNULL = YES;
				CLANG_ANALYZER_NUMBER_OBJECT_CONVERSION = YES_AGGRESSIVE;
				CLANG_CXX_LANGUAGE_STANDARD = "gnu++14";
				CLANG_CXX_LIBRARY = "libc++";
				CLANG_ENABLE_MODULES = YES;
				CLANG_ENABLE_OBJC_ARC = YES;
				CLANG_ENABLE_OBJC_WEAK = YES;
				CLANG_WARN_BLOCK_CAPTURE_AUTORELEASING = YES;
				CLANG_WARN_BOOL_CONVERSION = YES;
				CLANG_WARN_COMMA = YES;
				CLANG_WARN_CONSTANT_CONVERSION = YES;
				CLANG_WARN_DEPRECATED_OBJC_IMPLEMENTATIONS = YES;
				CLANG_WARN_DIRECT_OBJC_ISA_USAGE = YES_ERROR;
				CLANG_WARN_DOCUMENTATION_COMMENTS = YES;
				CLANG_WARN_EMPTY_BODY = YES;
				CLANG_WARN_ENUM_CONVERSION = YES;
				CLANG_WARN_INFINITE_RECURSION = YES;
				CLANG_WARN_INT_CONVERSION = YES;
				CLANG_WARN_NON_LITERAL_NULL_CONVERSION = YES;
				CLANG_WARN_OBJC_IMPLICIT_RETAIN_SELF = YES;
				CLANG_WARN_OBJC_LITERAL_CONVERSION = YES;
				CLANG_WARN_OBJC_ROOT_CLASS = YES_ERROR;
				CLANG_WARN_RANGE_LOOP_ANALYSIS = YES;
				CLANG_WARN_STRICT_PROTOTYPES = YES;
				CLANG_WARN_SUSPICIOUS_MOVE = YES;
				CLANG_WARN_UNGUARDED_AVAILABILITY = YES_AGGRESSIVE;
				CLANG_WARN_UNREACHABLE_CODE = YES;
				CLANG_WARN__DUPLICATE_METHOD_MATCH = YES;
				COPY_PHASE_STRIP = NO;
				DEBUG_INFORMATION_FORMAT = dwarf;
				ENABLE_STRICT_OBJC_MSGSEND = YES;
				ENABLE_TESTABILITY = YES;
				GCC_C_LANGUAGE_STANDARD = gnu11;
				GCC_DYNAMIC_NO_PIC = NO;
				GCC_NO_COMMON_BLOCKS = YES;
				GCC_OPTIMIZATION_LEVEL = 0;
				GCC_PREPROCESSOR_DEFINITIONS = (
					"DEBUG=1",
					"$(inherited)",
				);
				GCC_WARN_64_TO_32_BIT_CONVERSION = YES;
				GCC_WARN_ABOUT_RETURN_TYPE = YES_ERROR;
				GCC_WARN_UNDECLARED_SELECTOR = YES;
				GCC_WARN_UNINITIALIZED_AUTOS = YES_AGGRESSIVE;
				GCC_WARN_UNUSED_FUNCTION = YES;
				GCC_WARN_UNUSED_VARIABLE = YES;
				IPHONEOS_DEPLOYMENT_TARGET = 13.4;
				MTL_ENABLE_DEBUG_INFO = INCLUDE_SOURCE;
				MTL_FAST_MATH = YES;
				ONLY_ACTIVE_ARCH = YES;
				SDKROOT = iphoneos;
				SWIFT_ACTIVE_COMPILATION_CONDITIONS = DEBUG;
				SWIFT_OPTIMIZATION_LEVEL = "-Onone";
			};
			name = Debug;
		};
		89642192247250660081DC87 /* Release */ = {
			isa = XCBuildConfiguration;
			buildSettings = {
				ALWAYS_SEARCH_USER_PATHS = NO;
				CLANG_ANALYZER_NONNULL = YES;
				CLANG_ANALYZER_NUMBER_OBJECT_CONVERSION = YES_AGGRESSIVE;
				CLANG_CXX_LANGUAGE_STANDARD = "gnu++14";
				CLANG_CXX_LIBRARY = "libc++";
				CLANG_ENABLE_MODULES = YES;
				CLANG_ENABLE_OBJC_ARC = YES;
				CLANG_ENABLE_OBJC_WEAK = YES;
				CLANG_WARN_BLOCK_CAPTURE_AUTORELEASING = YES;
				CLANG_WARN_BOOL_CONVERSION = YES;
				CLANG_WARN_COMMA = YES;
				CLANG_WARN_CONSTANT_CONVERSION = YES;
				CLANG_WARN_DEPRECATED_OBJC_IMPLEMENTATIONS = YES;
				CLANG_WARN_DIRECT_OBJC_ISA_USAGE = YES_ERROR;
				CLANG_WARN_DOCUMENTATION_COMMENTS = YES;
				CLANG_WARN_EMPTY_BODY = YES;
				CLANG_WARN_ENUM_CONVERSION = YES;
				CLANG_WARN_INFINITE_RECURSION = YES;
				CLANG_WARN_INT_CONVERSION = YES;
				CLANG_WARN_NON_LITERAL_NULL_CONVERSION = YES;
				CLANG_WARN_OBJC_IMPLICIT_RETAIN_SELF = YES;
				CLANG_WARN_OBJC_LITERAL_CONVERSION = YES;
				CLANG_WARN_OBJC_ROOT_CLASS = YES_ERROR;
				CLANG_WARN_RANGE_LOOP_ANALYSIS = YES;
				CLANG_WARN_STRICT_PROTOTYPES = YES;
				CLANG_WARN_SUSPICIOUS_MOVE = YES;
				CLANG_WARN_UNGUARDED_AVAILABILITY = YES_AGGRESSIVE;
				CLANG_WARN_UNREACHABLE_CODE = YES;
				CLANG_WARN__DUPLICATE_METHOD_MATCH = YES;
				COPY_PHASE_STRIP = NO;
				DEBUG_INFORMATION_FORMAT = "dwarf-with-dsym";
				ENABLE_NS_ASSERTIONS = NO;
				ENABLE_STRICT_OBJC_MSGSEND = YES;
				GCC_C_LANGUAGE_STANDARD = gnu11;
				GCC_NO_COMMON_BLOCKS = YES;
				GCC_WARN_64_TO_32_BIT_CONVERSION = YES;
				GCC_WARN_ABOUT_RETURN_TYPE = YES_ERROR;
				GCC_WARN_UNDECLARED_SELECTOR = YES;
				GCC_WARN_UNINITIALIZED_AUTOS = YES_AGGRESSIVE;
				GCC_WARN_UNUSED_FUNCTION = YES;
				GCC_WARN_UNUSED_VARIABLE = YES;
				IPHONEOS_DEPLOYMENT_TARGET = 13.4;
				MTL_ENABLE_DEBUG_INFO = NO;
				MTL_FAST_MATH = YES;
				SDKROOT = iphoneos;
				SWIFT_COMPILATION_MODE = wholemodule;
				SWIFT_OPTIMIZATION_LEVEL = "-O";
				VALIDATE_PRODUCT = YES;
			};
			name = Release;
		};
		89642194247250660081DC87 /* Debug */ = {
			isa = XCBuildConfiguration;
			baseConfigurationReference = E25A4D2618E8026B68BDBF2A /* Pods-Semantics.debug.xcconfig */;
			buildSettings = {
				ALWAYS_EMBED_SWIFT_STANDARD_LIBRARIES = YES;
				ASSETCATALOG_COMPILER_APPICON_NAME = AppIcon;
				CODE_SIGN_ENTITLEMENTS = Configs/Semantics.entitlements;
				CODE_SIGN_IDENTITY = "Apple Development";
				CODE_SIGN_STYLE = Automatic;
				DEVELOPMENT_ASSET_PATHS = "\"Resources/Preview Content\"";
				DEVELOPMENT_TEAM = HTG5RPJ6QF;
				ENABLE_PREVIEWS = YES;
				INFOPLIST_FILE = Configs/Info.plist;
				IPHONEOS_DEPLOYMENT_TARGET = 13.0;
				LD_RUNPATH_SEARCH_PATHS = (
					"$(inherited)",
					"@executable_path/Frameworks",
				);
				PRODUCT_BUNDLE_IDENTIFIER = ind.paper.semantics.v3;
				PRODUCT_NAME = SemanticsB1;
				PROVISIONING_PROFILE_SPECIFIER = "";
				SWIFT_VERSION = 5.0;
				TARGETED_DEVICE_FAMILY = 1;
			};
			name = Debug;
		};
		89642195247250660081DC87 /* Release */ = {
			isa = XCBuildConfiguration;
			baseConfigurationReference = 22C4430679667F50967D6200 /* Pods-Semantics.release.xcconfig */;
			buildSettings = {
				ALWAYS_EMBED_SWIFT_STANDARD_LIBRARIES = YES;
				ASSETCATALOG_COMPILER_APPICON_NAME = AppIcon;
				CODE_SIGN_ENTITLEMENTS = Configs/Semantics.entitlements;
				CODE_SIGN_IDENTITY = "Apple Development";
				CODE_SIGN_STYLE = Automatic;
				DEVELOPMENT_ASSET_PATHS = "\"Resources/Preview Content\"";
				DEVELOPMENT_TEAM = HTG5RPJ6QF;
				ENABLE_PREVIEWS = YES;
				INFOPLIST_FILE = Configs/Info.plist;
				IPHONEOS_DEPLOYMENT_TARGET = 13.0;
				LD_RUNPATH_SEARCH_PATHS = (
					"$(inherited)",
					"@executable_path/Frameworks",
				);
				PRODUCT_BUNDLE_IDENTIFIER = ind.paper.semantics.v3;
				PRODUCT_NAME = SemanticsB1;
				PROVISIONING_PROFILE_SPECIFIER = "";
				SWIFT_VERSION = 5.0;
				TARGETED_DEVICE_FAMILY = 1;
			};
			name = Release;
		};
		89642197247250660081DC87 /* Debug */ = {
			isa = XCBuildConfiguration;
			baseConfigurationReference = C7D5A0AE45A410A2DD4DA81F /* Pods-SemanticsTests.debug.xcconfig */;
			buildSettings = {
				ALWAYS_EMBED_SWIFT_STANDARD_LIBRARIES = YES;
				BUNDLE_LOADER = "$(TEST_HOST)";
				CODE_SIGN_STYLE = Automatic;
				DEVELOPMENT_TEAM = HTG5RPJ6QF;
				INFOPLIST_FILE = SemanticsTests/Info.plist;
				IPHONEOS_DEPLOYMENT_TARGET = 13.4;
				LD_RUNPATH_SEARCH_PATHS = (
					"$(inherited)",
					"@executable_path/Frameworks",
					"@loader_path/Frameworks",
				);
				PRODUCT_BUNDLE_IDENTIFIER = ind.sh.paper.SemanticsTests;
				PRODUCT_NAME = "$(TARGET_NAME)";
				SWIFT_VERSION = 5.0;
				TARGETED_DEVICE_FAMILY = "1,2";
				TEST_HOST = "$(BUILT_PRODUCTS_DIR)/Semantics.app/Semantics";
			};
			name = Debug;
		};
		89642198247250660081DC87 /* Release */ = {
			isa = XCBuildConfiguration;
			baseConfigurationReference = FD10EEC6AA9527A4BDE58F9C /* Pods-SemanticsTests.release.xcconfig */;
			buildSettings = {
				ALWAYS_EMBED_SWIFT_STANDARD_LIBRARIES = YES;
				BUNDLE_LOADER = "$(TEST_HOST)";
				CODE_SIGN_STYLE = Automatic;
				DEVELOPMENT_TEAM = HTG5RPJ6QF;
				INFOPLIST_FILE = SemanticsTests/Info.plist;
				IPHONEOS_DEPLOYMENT_TARGET = 13.4;
				LD_RUNPATH_SEARCH_PATHS = (
					"$(inherited)",
					"@executable_path/Frameworks",
					"@loader_path/Frameworks",
				);
				PRODUCT_BUNDLE_IDENTIFIER = ind.sh.paper.SemanticsTests;
				PRODUCT_NAME = "$(TARGET_NAME)";
				SWIFT_VERSION = 5.0;
				TARGETED_DEVICE_FAMILY = "1,2";
				TEST_HOST = "$(BUILT_PRODUCTS_DIR)/Semantics.app/Semantics";
			};
			name = Release;
		};
/* End XCBuildConfiguration section */

/* Begin XCConfigurationList section */
		8964216C247250590081DC87 /* Build configuration list for PBXProject "Semantics" */ = {
			isa = XCConfigurationList;
			buildConfigurations = (
				89642191247250660081DC87 /* Debug */,
				89642192247250660081DC87 /* Release */,
			);
			defaultConfigurationIsVisible = 0;
			defaultConfigurationName = Release;
		};
		89642193247250660081DC87 /* Build configuration list for PBXNativeTarget "Semantics" */ = {
			isa = XCConfigurationList;
			buildConfigurations = (
				89642194247250660081DC87 /* Debug */,
				89642195247250660081DC87 /* Release */,
			);
			defaultConfigurationIsVisible = 0;
			defaultConfigurationName = Release;
		};
		89642196247250660081DC87 /* Build configuration list for PBXNativeTarget "SemanticsTests" */ = {
			isa = XCConfigurationList;
			buildConfigurations = (
				89642197247250660081DC87 /* Debug */,
				89642198247250660081DC87 /* Release */,
			);
			defaultConfigurationIsVisible = 0;
			defaultConfigurationName = Release;
		};
/* End XCConfigurationList section */

/* Begin XCRemoteSwiftPackageReference section */
		8911386424C1672000CBEBB5 /* XCRemoteSwiftPackageReference "SwifterSwift" */ = {
			isa = XCRemoteSwiftPackageReference;
			repositoryURL = "https://github.com/SwifterSwift/SwifterSwift.git";
			requirement = {
				kind = upToNextMajorVersion;
				minimumVersion = 5.2.0;
			};
		};
		896344B024936E210060160B /* XCRemoteSwiftPackageReference "Kingfisher" */ = {
			isa = XCRemoteSwiftPackageReference;
			repositoryURL = "https://github.com/onevcat/Kingfisher.git";
			requirement = {
				kind = upToNextMajorVersion;
				minimumVersion = 5.14.0;
			};
		};
		8968C08124DF087A0093CBFC /* XCRemoteSwiftPackageReference "FloatingPanel" */ = {
			isa = XCRemoteSwiftPackageReference;
			repositoryURL = "https://github.com/SCENEE/FloatingPanel.git";
			requirement = {
				kind = upToNextMajorVersion;
				minimumVersion = 1.7.5;
			};
		};
		89C28CFC24ADC22E002081FE /* XCRemoteSwiftPackageReference "SwiftHEXColors" */ = {
			isa = XCRemoteSwiftPackageReference;
			repositoryURL = "https://github.com/thii/SwiftHEXColors.git";
			requirement = {
				kind = upToNextMajorVersion;
				minimumVersion = 1.4.0;
			};
		};
/* End XCRemoteSwiftPackageReference section */

/* Begin XCSwiftPackageProductDependency section */
		8911386524C1672000CBEBB5 /* SwifterSwift */ = {
			isa = XCSwiftPackageProductDependency;
			package = 8911386424C1672000CBEBB5 /* XCRemoteSwiftPackageReference "SwifterSwift" */;
			productName = SwifterSwift;
		};
		896344B124936E210060160B /* Kingfisher */ = {
			isa = XCSwiftPackageProductDependency;
			package = 896344B024936E210060160B /* XCRemoteSwiftPackageReference "Kingfisher" */;
			productName = Kingfisher;
		};
		896344B324936E210060160B /* KingfisherSwiftUI */ = {
			isa = XCSwiftPackageProductDependency;
			package = 896344B024936E210060160B /* XCRemoteSwiftPackageReference "Kingfisher" */;
			productName = KingfisherSwiftUI;
		};
		8968C08224DF087A0093CBFC /* FloatingPanel */ = {
			isa = XCSwiftPackageProductDependency;
			package = 8968C08124DF087A0093CBFC /* XCRemoteSwiftPackageReference "FloatingPanel" */;
			productName = FloatingPanel;
		};
		89C28CFD24ADC22E002081FE /* SwiftHEXColors */ = {
			isa = XCSwiftPackageProductDependency;
			package = 89C28CFC24ADC22E002081FE /* XCRemoteSwiftPackageReference "SwiftHEXColors" */;
			productName = SwiftHEXColors;
		};
/* End XCSwiftPackageProductDependency section */

/* Begin XCVersionGroup section */
		89290D4924E17E0400F0A862 /* SemWorld.xcdatamodeld */ = {
			isa = XCVersionGroup;
			children = (
				89290D4A24E17E0400F0A862 /* SemWorld.xcdatamodel */,
			);
			currentVersion = 89290D4A24E17E0400F0A862 /* SemWorld.xcdatamodel */;
			path = SemWorld.xcdatamodeld;
			sourceTree = "<group>";
			versionGroupType = wrapper.xcdatamodel;
		};
		89642178247250590081DC87 /* Semantics.xcdatamodeld */ = {
			isa = XCVersionGroup;
			children = (
				89642179247250590081DC87 /* Semantics.xcdatamodel */,
			);
			currentVersion = 89642179247250590081DC87 /* Semantics.xcdatamodel */;
			path = Semantics.xcdatamodeld;
			sourceTree = "<group>";
			versionGroupType = wrapper.xcdatamodel;
		};
/* End XCVersionGroup section */
	};
	rootObject = 89642169247250590081DC87 /* Project object */;
}
