PODS:
  - Realm (10.0.0-rc.1):
    - Realm/Headers (= 10.0.0-rc.1)
  - Realm/Headers (10.0.0-rc.1)
  - RealmSwift (10.0.0-rc.1):
    - Realm (= 10.0.0-rc.1)
  - Sentry (6.0.0):
    - Sentry/Core (= 6.0.0)
  - Sentry/Core (6.0.0)

DEPENDENCIES:
  - RealmSwift (>= 10.0.0-rc.1)
  - Sentry (from `https://github.com/getsentry/sentry-cocoa.git`, tag `6.0.0`)

SPEC REPOS:
  trunk:
    - Realm
    - RealmSwift

EXTERNAL SOURCES:
  Sentry:
    :git: https://github.com/getsentry/sentry-cocoa.git
    :tag: 6.0.0

CHECKOUT OPTIONS:
  Sentry:
    :git: https://github.com/getsentry/sentry-cocoa.git
    :tag: 6.0.0

SPEC CHECKSUMS:
  Realm: b8faac708a4b5a9e98667ccd58404fcf60b354b7
  RealmSwift: 7f3831445e6f03dfb9312c4befba0f91fe7ccf3d
  Sentry: 9f6ac6d0412a09a8d610497f873ccbcf7abbe3f8

PODFILE CHECKSUM: 3dcc54f301d01efb08faf321958791f509cbd09f

COCOAPODS: 1.8.4
